// !$*UTF8*$!
{
	archiveVersion = 1;
	classes = {
	};
	objectVersion = 52;
	objects = {

/* Begin PBXBuildFile section */
		D52BB19426616B6500018AD4 /* HTTPClient.swift in Sources */ = {isa = PBXBuildFile; fileRef = D52BB19326616B6500018AD4 /* HTTPClient.swift */; };
		D52BB19826616BB600018AD4 /* FeedItemsMapper.swift in Sources */ = {isa = PBXBuildFile; fileRef = D52BB19726616BB600018AD4 /* FeedItemsMapper.swift */; };
		D52BB19F26617BFF00018AD4 /* URLSessionHTTPClientTests.swift in Sources */ = {isa = PBXBuildFile; fileRef = D52BB19E26617BFF00018AD4 /* URLSessionHTTPClientTests.swift */; };
		D52BB1A42661F3E700018AD4 /* XCTTestCase+MemoryLeakTracking.swift in Sources */ = {isa = PBXBuildFile; fileRef = D52BB1A32661F3E700018AD4 /* XCTTestCase+MemoryLeakTracking.swift */; };
		D52BB1AA2662075C00018AD4 /* URLSessionHTTPClient.swift in Sources */ = {isa = PBXBuildFile; fileRef = D52BB1A92662075C00018AD4 /* URLSessionHTTPClient.swift */; };
		D52BB1B626620A9000018AD4 /* EssentialFeedAPIEndToEndTests.swift in Sources */ = {isa = PBXBuildFile; fileRef = D52BB1B526620A9000018AD4 /* EssentialFeedAPIEndToEndTests.swift */; };
		D52BB1B826620A9000018AD4 /* EssentialFeed.framework in Frameworks */ = {isa = PBXBuildFile; fileRef = D59CCA242660A15500B20FF6 /* EssentialFeed.framework */; };
		D52BB1C1266212BA00018AD4 /* XCTTestCase+MemoryLeakTracking.swift in Sources */ = {isa = PBXBuildFile; fileRef = D52BB1A32661F3E700018AD4 /* XCTTestCase+MemoryLeakTracking.swift */; };
		D52BB8372668A37900018AD4 /* CacheFeedUseCaseTests.swift in Sources */ = {isa = PBXBuildFile; fileRef = D52BB8362668A37900018AD4 /* CacheFeedUseCaseTests.swift */; };
		D55DBA4A27A3C41A00FF4540 /* ImageCommentsMapperTests.swift in Sources */ = {isa = PBXBuildFile; fileRef = D55DBA4927A3C41A00FF4540 /* ImageCommentsMapperTests.swift */; };
		D55DBA4E27A3C5E900FF4540 /* ImageCommentsMapper.swift in Sources */ = {isa = PBXBuildFile; fileRef = D55DBA4D27A3C5E900FF4540 /* ImageCommentsMapper.swift */; };
		D55DBA5127A3CB3D00FF4540 /* ImageComment.swift in Sources */ = {isa = PBXBuildFile; fileRef = D55DBA5027A3CB3D00FF4540 /* ImageComment.swift */; };
		D55DBA5C27A3D64500FF4540 /* RemoteLoaderTests.swift in Sources */ = {isa = PBXBuildFile; fileRef = D55DBA5B27A3D64500FF4540 /* RemoteLoaderTests.swift */; };
		D55DBA5E27A3D70700FF4540 /* RemoteLoader.swift in Sources */ = {isa = PBXBuildFile; fileRef = D55DBA5D27A3D70700FF4540 /* RemoteLoader.swift */; };
		D5715A87267DDD9D00E28483 /* FeedImageCellController.swift in Sources */ = {isa = PBXBuildFile; fileRef = D5715A86267DDD9D00E28483 /* FeedImageCellController.swift */; };
		D5715A9626805A8E00E28483 /* Feed.storyboard in Resources */ = {isa = PBXBuildFile; fileRef = D5715A9526805A8E00E28483 /* Feed.storyboard */; };
		D5715A9826805B3100E28483 /* Feed.xcassets in Resources */ = {isa = PBXBuildFile; fileRef = D5715A9726805B3100E28483 /* Feed.xcassets */; };
		D5715A9A2680693A00E28483 /* UITableView+Dequeueing.swift in Sources */ = {isa = PBXBuildFile; fileRef = D5715A992680693A00E28483 /* UITableView+Dequeueing.swift */; };
		D5715A9C26806AD800E28483 /* UIImageView+Animations.swift in Sources */ = {isa = PBXBuildFile; fileRef = D5715A9B26806AD800E28483 /* UIImageView+Animations.swift */; };
		D573920427992E5300262216 /* FeedCache.swift in Sources */ = {isa = PBXBuildFile; fileRef = D573920327992E5300262216 /* FeedCache.swift */; };
		D573920E279937E600262216 /* FeedImageDataCache.swift in Sources */ = {isa = PBXBuildFile; fileRef = D573920D279937E600262216 /* FeedImageDataCache.swift */; };
		D576466D2796966F001F7491 /* ErrorView.swift in Sources */ = {isa = PBXBuildFile; fileRef = D576466C2796966F001F7491 /* ErrorView.swift */; };
		D576467227969BB0001F7491 /* UIRefreshControl+Helpers.swift in Sources */ = {isa = PBXBuildFile; fileRef = D576467127969BB0001F7491 /* UIRefreshControl+Helpers.swift */; };
		D576467727975B71001F7491 /* FeedPresenterTests.swift in Sources */ = {isa = PBXBuildFile; fileRef = D576467627975B71001F7491 /* FeedPresenterTests.swift */; };
		D576468127976F4C001F7491 /* FeedPresenter.swift in Sources */ = {isa = PBXBuildFile; fileRef = D576468027976F4C001F7491 /* FeedPresenter.swift */; };
		D576468227977091001F7491 /* Feed.strings in Resources */ = {isa = PBXBuildFile; fileRef = D576467C27976DA2001F7491 /* Feed.strings */; };
		D5764684279770D3001F7491 /* FeedViewModel.swift in Sources */ = {isa = PBXBuildFile; fileRef = D5764683279770D3001F7491 /* FeedViewModel.swift */; };
		D5764686279770E9001F7491 /* FeedLoadingViewModel.swift in Sources */ = {isa = PBXBuildFile; fileRef = D5764685279770E9001F7491 /* FeedLoadingViewModel.swift */; };
		D5764688279770FE001F7491 /* FeedErrorViewModel.swift in Sources */ = {isa = PBXBuildFile; fileRef = D5764687279770FE001F7491 /* FeedErrorViewModel.swift */; };
		D5764689279772B6001F7491 /* FeedLocalizationTests.swift in Sources */ = {isa = PBXBuildFile; fileRef = D55FAB6C278E46B400DD39C2 /* FeedLocalizationTests.swift */; };
		D576468B27977429001F7491 /* FeedImagePresenterTests.swift in Sources */ = {isa = PBXBuildFile; fileRef = D576468A27977429001F7491 /* FeedImagePresenterTests.swift */; };
		D576468D2797847B001F7491 /* FeedImagePresenter.swift in Sources */ = {isa = PBXBuildFile; fileRef = D576468C2797847B001F7491 /* FeedImagePresenter.swift */; };
		D576468F2797851A001F7491 /* FeedImageViewModel.swift in Sources */ = {isa = PBXBuildFile; fileRef = D576468E2797851A001F7491 /* FeedImageViewModel.swift */; };
		D576469027978E51001F7491 /* FeedImageDataLoader.swift in Sources */ = {isa = PBXBuildFile; fileRef = D5715A82267DD6AB00E28483 /* FeedImageDataLoader.swift */; };
		D576469227978F0B001F7491 /* RemoteFeedImageDataLoader.swift in Sources */ = {isa = PBXBuildFile; fileRef = D576469127978F0B001F7491 /* RemoteFeedImageDataLoader.swift */; };
		D5764696279790CE001F7491 /* LoadFeedImageDataFromRemoteUseCaseTests.swift in Sources */ = {isa = PBXBuildFile; fileRef = D5764695279790CE001F7491 /* LoadFeedImageDataFromRemoteUseCaseTests.swift */; };
		D57646992797917A001F7491 /* HTTPURLResponse+StatusCode.swift in Sources */ = {isa = PBXBuildFile; fileRef = D57646982797917A001F7491 /* HTTPURLResponse+StatusCode.swift */; };
		D576469B279791A8001F7491 /* HTTPClientSpy.swift in Sources */ = {isa = PBXBuildFile; fileRef = D576469A279791A8001F7491 /* HTTPClientSpy.swift */; };
		D576469E27979203001F7491 /* URLProtocolStub.swift in Sources */ = {isa = PBXBuildFile; fileRef = D576469D27979203001F7491 /* URLProtocolStub.swift */; };
		D57646A027979623001F7491 /* FeedImageDataStore.swift in Sources */ = {isa = PBXBuildFile; fileRef = D576469F27979623001F7491 /* FeedImageDataStore.swift */; };
		D57646A22797964D001F7491 /* CoreDataFeedStore+FeedImageDataLoader.swift in Sources */ = {isa = PBXBuildFile; fileRef = D57646A12797964D001F7491 /* CoreDataFeedStore+FeedImageDataLoader.swift */; };
		D57646A427979671001F7491 /* CoreDataFeedStore+FeedStore.swift in Sources */ = {isa = PBXBuildFile; fileRef = D57646A327979671001F7491 /* CoreDataFeedStore+FeedStore.swift */; };
		D57646A6279796E5001F7491 /* LocalFeedImageDataLoader.swift in Sources */ = {isa = PBXBuildFile; fileRef = D57646A5279796E5001F7491 /* LocalFeedImageDataLoader.swift */; };
		D57646A82797971E001F7491 /* CacheFeedImageDataUseCaseTests.swift in Sources */ = {isa = PBXBuildFile; fileRef = D57646A72797971E001F7491 /* CacheFeedImageDataUseCaseTests.swift */; };
		D57646AA2797977B001F7491 /* CoreDataFeedImageDataStoreTests.swift in Sources */ = {isa = PBXBuildFile; fileRef = D57646A92797977B001F7491 /* CoreDataFeedImageDataStoreTests.swift */; };
		D57646AC279797D1001F7491 /* LoadFeedImageDataFromCacheUseCaseTests.swift in Sources */ = {isa = PBXBuildFile; fileRef = D57646AB279797D1001F7491 /* LoadFeedImageDataFromCacheUseCaseTests.swift */; };
		D57646AE279797F7001F7491 /* FeedImageDataStoreSpy.swift in Sources */ = {isa = PBXBuildFile; fileRef = D57646AD279797F7001F7491 /* FeedImageDataStoreSpy.swift */; };
		D59A93BE266B6B9600D4A472 /* LocalFeedImage.swift in Sources */ = {isa = PBXBuildFile; fileRef = D59A93BD266B6B9600D4A472 /* LocalFeedImage.swift */; };
		D59A93C0266F485100D4A472 /* LoadFeedFromCacheUseCaseTests.swift in Sources */ = {isa = PBXBuildFile; fileRef = D59A93BF266F485100D4A472 /* LoadFeedFromCacheUseCaseTests.swift */; };
		D59A93C3266F493C00D4A472 /* FeedStoreSpy.swift in Sources */ = {isa = PBXBuildFile; fileRef = D59A93C2266F493C00D4A472 /* FeedStoreSpy.swift */; };
		D59A93C5266F5D5A00D4A472 /* ValidateFeedCacheUseCaseTests.swift in Sources */ = {isa = PBXBuildFile; fileRef = D59A93C4266F5D5A00D4A472 /* ValidateFeedCacheUseCaseTests.swift */; };
		D59A93C7266F60B300D4A472 /* FeedCacheTestHelpers.swift in Sources */ = {isa = PBXBuildFile; fileRef = D59A93C6266F60B300D4A472 /* FeedCacheTestHelpers.swift */; };
		D59A93C9266F618D00D4A472 /* SharedTestHelpers.swift in Sources */ = {isa = PBXBuildFile; fileRef = D59A93C8266F618D00D4A472 /* SharedTestHelpers.swift */; };
		D59A93CB266F697F00D4A472 /* FeedCachePolicy.swift in Sources */ = {isa = PBXBuildFile; fileRef = D59A93CA266F697F00D4A472 /* FeedCachePolicy.swift */; };
		D59A93D12670A54400D4A472 /* FeedStoreSpecs.swift in Sources */ = {isa = PBXBuildFile; fileRef = D59A93D02670A54400D4A472 /* FeedStoreSpecs.swift */; };
		D59A93D32670A5EC00D4A472 /* XCTestCase+FeedStoreSpecs.swift in Sources */ = {isa = PBXBuildFile; fileRef = D59A93D22670A5EC00D4A472 /* XCTestCase+FeedStoreSpecs.swift */; };
		D59A93D52670A98700D4A472 /* XCTestCase+FailableRetrieveFeedStoreSpecs.swift in Sources */ = {isa = PBXBuildFile; fileRef = D59A93D42670A98700D4A472 /* XCTestCase+FailableRetrieveFeedStoreSpecs.swift */; };
		D59A93D72670A9EC00D4A472 /* XCTestCase+FailableInsertFeedStoreSpecs.swift in Sources */ = {isa = PBXBuildFile; fileRef = D59A93D62670A9EC00D4A472 /* XCTestCase+FailableInsertFeedStoreSpecs.swift */; };
		D59A93D92670AA5800D4A472 /* XCTestCase+FailableDeleteFeedStoreSpecs.swift in Sources */ = {isa = PBXBuildFile; fileRef = D59A93D82670AA5800D4A472 /* XCTestCase+FailableDeleteFeedStoreSpecs.swift */; };
		D59A93DC2670AC4200D4A472 /* CoreDataFeedStoreTests.swift in Sources */ = {isa = PBXBuildFile; fileRef = D59A93DB2670AC4200D4A472 /* CoreDataFeedStoreTests.swift */; };
		D59A93E02670AEB700D4A472 /* CoreDataFeedStore.swift in Sources */ = {isa = PBXBuildFile; fileRef = D59A93DF2670AEB700D4A472 /* CoreDataFeedStore.swift */; };
		D59A93E32670AF2800D4A472 /* FeedStore.xcdatamodeld in Sources */ = {isa = PBXBuildFile; fileRef = D59A93E12670AF2800D4A472 /* FeedStore.xcdatamodeld */; };
		D59A93E82670BB6B00D4A472 /* CoreDataHelpers.swift in Sources */ = {isa = PBXBuildFile; fileRef = D59A93E72670BB6B00D4A472 /* CoreDataHelpers.swift */; };
		D59A93EA2670BBF800D4A472 /* ManagedCache.swift in Sources */ = {isa = PBXBuildFile; fileRef = D59A93E92670BBF800D4A472 /* ManagedCache.swift */; };
		D59A93EC2670BC0800D4A472 /* ManagedFeedImage.swift in Sources */ = {isa = PBXBuildFile; fileRef = D59A93EB2670BC0800D4A472 /* ManagedFeedImage.swift */; };
		D59A93F72671C6F000D4A472 /* EssentialFeedCacheIntegrationTests.swift in Sources */ = {isa = PBXBuildFile; fileRef = D59A93F62671C6F000D4A472 /* EssentialFeedCacheIntegrationTests.swift */; };
		D59A93F92671C6F000D4A472 /* EssentialFeed.framework in Frameworks */ = {isa = PBXBuildFile; fileRef = D59CCA242660A15500B20FF6 /* EssentialFeed.framework */; };
		D59A93FF2671C9FC00D4A472 /* XCTTestCase+MemoryLeakTracking.swift in Sources */ = {isa = PBXBuildFile; fileRef = D52BB1A32661F3E700018AD4 /* XCTTestCase+MemoryLeakTracking.swift */; };
		D59A94002671CCB100D4A472 /* FeedCacheTestHelpers.swift in Sources */ = {isa = PBXBuildFile; fileRef = D59A93C6266F60B300D4A472 /* FeedCacheTestHelpers.swift */; };
		D59A94012671CCC700D4A472 /* SharedTestHelpers.swift in Sources */ = {isa = PBXBuildFile; fileRef = D59A93C8266F618D00D4A472 /* SharedTestHelpers.swift */; };
		D59A9486267C696800D4A472 /* EssentialFeediOS.framework in Frameworks */ = {isa = PBXBuildFile; fileRef = D59A947D267C696800D4A472 /* EssentialFeediOS.framework */; };
		D59A9497267C72F600D4A472 /* EssentialFeed.framework in Frameworks */ = {isa = PBXBuildFile; fileRef = D59CCA242660A15500B20FF6 /* EssentialFeed.framework */; platformFilter = ios; };
		D59A9498267C72F600D4A472 /* EssentialFeed.framework in Embed Frameworks */ = {isa = PBXBuildFile; fileRef = D59CCA242660A15500B20FF6 /* EssentialFeed.framework */; platformFilter = ios; settings = {ATTRIBUTES = (CodeSignOnCopy, RemoveHeadersOnCopy, ); }; };
		D59A949C267C744500D4A472 /* XCTTestCase+MemoryLeakTracking.swift in Sources */ = {isa = PBXBuildFile; fileRef = D52BB1A32661F3E700018AD4 /* XCTTestCase+MemoryLeakTracking.swift */; };
		D59A949E267C7DC800D4A472 /* FeedViewController.swift in Sources */ = {isa = PBXBuildFile; fileRef = D59A949D267C7DC800D4A472 /* FeedViewController.swift */; };
		D59A94A0267C81EC00D4A472 /* FeedImageCell.swift in Sources */ = {isa = PBXBuildFile; fileRef = D59A949F267C81EC00D4A472 /* FeedImageCell.swift */; };
		D59A94A2267C96C800D4A472 /* UIView+Shimmering.swift in Sources */ = {isa = PBXBuildFile; fileRef = D59A94A1267C96C800D4A472 /* UIView+Shimmering.swift */; };
		D59CCA2E2660A15600B20FF6 /* EssentialFeed.framework in Frameworks */ = {isa = PBXBuildFile; fileRef = D59CCA242660A15500B20FF6 /* EssentialFeed.framework */; };
		D59CCA352660A15600B20FF6 /* EssentialFeed.h in Headers */ = {isa = PBXBuildFile; fileRef = D59CCA272660A15500B20FF6 /* EssentialFeed.h */; settings = {ATTRIBUTES = (Public, ); }; };
		D59CCA412660A1C100B20FF6 /* FeedImage.swift in Sources */ = {isa = PBXBuildFile; fileRef = D59CCA402660A1C100B20FF6 /* FeedImage.swift */; };
		D59CCA452660A27200B20FF6 /* FeedLoader.swift in Sources */ = {isa = PBXBuildFile; fileRef = D59CCA442660A27200B20FF6 /* FeedLoader.swift */; };
		D59CCA492660B07B00B20FF6 /* FeedItemsMapperTests.swift in Sources */ = {isa = PBXBuildFile; fileRef = D59CCA482660B07B00B20FF6 /* FeedItemsMapperTests.swift */; };
		D5BF9A872669EAE000DCBA50 /* LocalFeedLoader.swift in Sources */ = {isa = PBXBuildFile; fileRef = D5BF9A862669EAE000DCBA50 /* LocalFeedLoader.swift */; };
		D5BF9A8C2669EB6400DCBA50 /* FeedStore.swift in Sources */ = {isa = PBXBuildFile; fileRef = D5BF9A8B2669EB6400DCBA50 /* FeedStore.swift */; };
		D5C8CCE927A0090800D21313 /* FeedSnapshotTests.swift in Sources */ = {isa = PBXBuildFile; fileRef = D5C8CCE827A0090800D21313 /* FeedSnapshotTests.swift */; };
		D5C8CCEC27A00FB800D21313 /* UIImage+TestHelpers.swift in Sources */ = {isa = PBXBuildFile; fileRef = D5C8CCEB27A00FB800D21313 /* UIImage+TestHelpers.swift */; };
		D5C8CCEE27A011DC00D21313 /* UITableView+HeaderSizing.swift in Sources */ = {isa = PBXBuildFile; fileRef = D5C8CCED27A011DC00D21313 /* UITableView+HeaderSizing.swift */; };
/* End PBXBuildFile section */

/* Begin PBXContainerItemProxy section */
		D52BB1B926620A9000018AD4 /* PBXContainerItemProxy */ = {
			isa = PBXContainerItemProxy;
			containerPortal = D59CCA1B2660A15500B20FF6 /* Project object */;
			proxyType = 1;
			remoteGlobalIDString = D59CCA232660A15500B20FF6;
			remoteInfo = EssentialFeed;
		};
		D59A93FA2671C6F000D4A472 /* PBXContainerItemProxy */ = {
			isa = PBXContainerItemProxy;
			containerPortal = D59CCA1B2660A15500B20FF6 /* Project object */;
			proxyType = 1;
			remoteGlobalIDString = D59CCA232660A15500B20FF6;
			remoteInfo = EssentialFeed;
		};
		D59A9487267C696800D4A472 /* PBXContainerItemProxy */ = {
			isa = PBXContainerItemProxy;
			containerPortal = D59CCA1B2660A15500B20FF6 /* Project object */;
			proxyType = 1;
			remoteGlobalIDString = D59A947C267C696800D4A472;
			remoteInfo = EssentialFeediOS;
		};
		D59A9499267C72F600D4A472 /* PBXContainerItemProxy */ = {
			isa = PBXContainerItemProxy;
			containerPortal = D59CCA1B2660A15500B20FF6 /* Project object */;
			proxyType = 1;
			remoteGlobalIDString = D59CCA232660A15500B20FF6;
			remoteInfo = EssentialFeed;
		};
		D59CCA2F2660A15600B20FF6 /* PBXContainerItemProxy */ = {
			isa = PBXContainerItemProxy;
			containerPortal = D59CCA1B2660A15500B20FF6 /* Project object */;
			proxyType = 1;
			remoteGlobalIDString = D59CCA232660A15500B20FF6;
			remoteInfo = EssentialFeed;
		};
/* End PBXContainerItemProxy section */

/* Begin PBXCopyFilesBuildPhase section */
		D59A949B267C72F600D4A472 /* Embed Frameworks */ = {
			isa = PBXCopyFilesBuildPhase;
			buildActionMask = 2147483647;
			dstPath = "";
			dstSubfolderSpec = 10;
			files = (
				D59A9498267C72F600D4A472 /* EssentialFeed.framework in Embed Frameworks */,
			);
			name = "Embed Frameworks";
			runOnlyForDeploymentPostprocessing = 0;
		};
/* End PBXCopyFilesBuildPhase section */

/* Begin PBXFileReference section */
		D52BB19326616B6500018AD4 /* HTTPClient.swift */ = {isa = PBXFileReference; lastKnownFileType = sourcecode.swift; path = HTTPClient.swift; sourceTree = "<group>"; };
		D52BB19726616BB600018AD4 /* FeedItemsMapper.swift */ = {isa = PBXFileReference; lastKnownFileType = sourcecode.swift; path = FeedItemsMapper.swift; sourceTree = "<group>"; };
		D52BB19E26617BFF00018AD4 /* URLSessionHTTPClientTests.swift */ = {isa = PBXFileReference; lastKnownFileType = sourcecode.swift; path = URLSessionHTTPClientTests.swift; sourceTree = "<group>"; };
		D52BB1A32661F3E700018AD4 /* XCTTestCase+MemoryLeakTracking.swift */ = {isa = PBXFileReference; lastKnownFileType = sourcecode.swift; path = "XCTTestCase+MemoryLeakTracking.swift"; sourceTree = "<group>"; };
		D52BB1A92662075C00018AD4 /* URLSessionHTTPClient.swift */ = {isa = PBXFileReference; lastKnownFileType = sourcecode.swift; path = URLSessionHTTPClient.swift; sourceTree = "<group>"; };
		D52BB1B326620A9000018AD4 /* EssentialFeedAPIEndToEndTests.xctest */ = {isa = PBXFileReference; explicitFileType = wrapper.cfbundle; includeInIndex = 0; path = EssentialFeedAPIEndToEndTests.xctest; sourceTree = BUILT_PRODUCTS_DIR; };
		D52BB1B526620A9000018AD4 /* EssentialFeedAPIEndToEndTests.swift */ = {isa = PBXFileReference; lastKnownFileType = sourcecode.swift; path = EssentialFeedAPIEndToEndTests.swift; sourceTree = "<group>"; };
		D52BB1B726620A9000018AD4 /* Info.plist */ = {isa = PBXFileReference; lastKnownFileType = text.plist.xml; path = Info.plist; sourceTree = "<group>"; };
		D52BB8362668A37900018AD4 /* CacheFeedUseCaseTests.swift */ = {isa = PBXFileReference; lastKnownFileType = sourcecode.swift; path = CacheFeedUseCaseTests.swift; sourceTree = "<group>"; };
		D55DBA4927A3C41A00FF4540 /* ImageCommentsMapperTests.swift */ = {isa = PBXFileReference; lastKnownFileType = sourcecode.swift; path = ImageCommentsMapperTests.swift; sourceTree = "<group>"; };
		D55DBA4D27A3C5E900FF4540 /* ImageCommentsMapper.swift */ = {isa = PBXFileReference; lastKnownFileType = sourcecode.swift; path = ImageCommentsMapper.swift; sourceTree = "<group>"; };
		D55DBA5027A3CB3D00FF4540 /* ImageComment.swift */ = {isa = PBXFileReference; lastKnownFileType = sourcecode.swift; path = ImageComment.swift; sourceTree = "<group>"; };
		D55DBA5B27A3D64500FF4540 /* RemoteLoaderTests.swift */ = {isa = PBXFileReference; lastKnownFileType = sourcecode.swift; path = RemoteLoaderTests.swift; sourceTree = "<group>"; };
		D55DBA5D27A3D70700FF4540 /* RemoteLoader.swift */ = {isa = PBXFileReference; lastKnownFileType = sourcecode.swift; path = RemoteLoader.swift; sourceTree = "<group>"; };
		D55FAB6C278E46B400DD39C2 /* FeedLocalizationTests.swift */ = {isa = PBXFileReference; lastKnownFileType = sourcecode.swift; path = FeedLocalizationTests.swift; sourceTree = "<group>"; };
		D5715A82267DD6AB00E28483 /* FeedImageDataLoader.swift */ = {isa = PBXFileReference; lastKnownFileType = sourcecode.swift; path = FeedImageDataLoader.swift; sourceTree = "<group>"; };
		D5715A86267DDD9D00E28483 /* FeedImageCellController.swift */ = {isa = PBXFileReference; lastKnownFileType = sourcecode.swift; path = FeedImageCellController.swift; sourceTree = "<group>"; };
		D5715A9526805A8E00E28483 /* Feed.storyboard */ = {isa = PBXFileReference; lastKnownFileType = file.storyboard; path = Feed.storyboard; sourceTree = "<group>"; };
		D5715A9726805B3100E28483 /* Feed.xcassets */ = {isa = PBXFileReference; lastKnownFileType = folder.assetcatalog; path = Feed.xcassets; sourceTree = "<group>"; };
		D5715A992680693A00E28483 /* UITableView+Dequeueing.swift */ = {isa = PBXFileReference; lastKnownFileType = sourcecode.swift; path = "UITableView+Dequeueing.swift"; sourceTree = "<group>"; };
		D5715A9B26806AD800E28483 /* UIImageView+Animations.swift */ = {isa = PBXFileReference; lastKnownFileType = sourcecode.swift; path = "UIImageView+Animations.swift"; sourceTree = "<group>"; };
		D573920327992E5300262216 /* FeedCache.swift */ = {isa = PBXFileReference; lastKnownFileType = sourcecode.swift; path = FeedCache.swift; sourceTree = "<group>"; };
		D573920D279937E600262216 /* FeedImageDataCache.swift */ = {isa = PBXFileReference; lastKnownFileType = sourcecode.swift; path = FeedImageDataCache.swift; sourceTree = "<group>"; };
		D576466C2796966F001F7491 /* ErrorView.swift */ = {isa = PBXFileReference; lastKnownFileType = sourcecode.swift; path = ErrorView.swift; sourceTree = "<group>"; };
		D576467127969BB0001F7491 /* UIRefreshControl+Helpers.swift */ = {isa = PBXFileReference; lastKnownFileType = sourcecode.swift; path = "UIRefreshControl+Helpers.swift"; sourceTree = "<group>"; };
		D576467627975B71001F7491 /* FeedPresenterTests.swift */ = {isa = PBXFileReference; lastKnownFileType = sourcecode.swift; path = FeedPresenterTests.swift; sourceTree = "<group>"; };
		D576467B27976DA2001F7491 /* en */ = {isa = PBXFileReference; lastKnownFileType = text.plist.strings; name = en; path = en.lproj/Feed.strings; sourceTree = "<group>"; };
		D576467D27976DA6001F7491 /* el */ = {isa = PBXFileReference; lastKnownFileType = text.plist.strings; name = el; path = el.lproj/Feed.strings; sourceTree = "<group>"; };
		D576467E27976DA8001F7491 /* pt-BR */ = {isa = PBXFileReference; lastKnownFileType = text.plist.strings; name = "pt-BR"; path = "pt-BR.lproj/Feed.strings"; sourceTree = "<group>"; };
		D576468027976F4C001F7491 /* FeedPresenter.swift */ = {isa = PBXFileReference; lastKnownFileType = sourcecode.swift; path = FeedPresenter.swift; sourceTree = "<group>"; };
		D5764683279770D3001F7491 /* FeedViewModel.swift */ = {isa = PBXFileReference; lastKnownFileType = sourcecode.swift; path = FeedViewModel.swift; sourceTree = "<group>"; };
		D5764685279770E9001F7491 /* FeedLoadingViewModel.swift */ = {isa = PBXFileReference; lastKnownFileType = sourcecode.swift; path = FeedLoadingViewModel.swift; sourceTree = "<group>"; };
		D5764687279770FE001F7491 /* FeedErrorViewModel.swift */ = {isa = PBXFileReference; lastKnownFileType = sourcecode.swift; path = FeedErrorViewModel.swift; sourceTree = "<group>"; };
		D576468A27977429001F7491 /* FeedImagePresenterTests.swift */ = {isa = PBXFileReference; lastKnownFileType = sourcecode.swift; path = FeedImagePresenterTests.swift; sourceTree = "<group>"; };
		D576468C2797847B001F7491 /* FeedImagePresenter.swift */ = {isa = PBXFileReference; lastKnownFileType = sourcecode.swift; path = FeedImagePresenter.swift; sourceTree = "<group>"; };
		D576468E2797851A001F7491 /* FeedImageViewModel.swift */ = {isa = PBXFileReference; lastKnownFileType = sourcecode.swift; path = FeedImageViewModel.swift; sourceTree = "<group>"; };
		D576469127978F0B001F7491 /* RemoteFeedImageDataLoader.swift */ = {isa = PBXFileReference; lastKnownFileType = sourcecode.swift; path = RemoteFeedImageDataLoader.swift; sourceTree = "<group>"; };
		D5764695279790CE001F7491 /* LoadFeedImageDataFromRemoteUseCaseTests.swift */ = {isa = PBXFileReference; lastKnownFileType = sourcecode.swift; path = LoadFeedImageDataFromRemoteUseCaseTests.swift; sourceTree = "<group>"; };
		D57646982797917A001F7491 /* HTTPURLResponse+StatusCode.swift */ = {isa = PBXFileReference; lastKnownFileType = sourcecode.swift; path = "HTTPURLResponse+StatusCode.swift"; sourceTree = "<group>"; };
		D576469A279791A8001F7491 /* HTTPClientSpy.swift */ = {isa = PBXFileReference; lastKnownFileType = sourcecode.swift; path = HTTPClientSpy.swift; sourceTree = "<group>"; };
		D576469D27979203001F7491 /* URLProtocolStub.swift */ = {isa = PBXFileReference; lastKnownFileType = sourcecode.swift; path = URLProtocolStub.swift; sourceTree = "<group>"; };
		D576469F27979623001F7491 /* FeedImageDataStore.swift */ = {isa = PBXFileReference; lastKnownFileType = sourcecode.swift; path = FeedImageDataStore.swift; sourceTree = "<group>"; };
		D57646A12797964D001F7491 /* CoreDataFeedStore+FeedImageDataLoader.swift */ = {isa = PBXFileReference; lastKnownFileType = sourcecode.swift; path = "CoreDataFeedStore+FeedImageDataLoader.swift"; sourceTree = "<group>"; };
		D57646A327979671001F7491 /* CoreDataFeedStore+FeedStore.swift */ = {isa = PBXFileReference; lastKnownFileType = sourcecode.swift; path = "CoreDataFeedStore+FeedStore.swift"; sourceTree = "<group>"; };
		D57646A5279796E5001F7491 /* LocalFeedImageDataLoader.swift */ = {isa = PBXFileReference; lastKnownFileType = sourcecode.swift; path = LocalFeedImageDataLoader.swift; sourceTree = "<group>"; };
		D57646A72797971E001F7491 /* CacheFeedImageDataUseCaseTests.swift */ = {isa = PBXFileReference; lastKnownFileType = sourcecode.swift; path = CacheFeedImageDataUseCaseTests.swift; sourceTree = "<group>"; };
		D57646A92797977B001F7491 /* CoreDataFeedImageDataStoreTests.swift */ = {isa = PBXFileReference; lastKnownFileType = sourcecode.swift; path = CoreDataFeedImageDataStoreTests.swift; sourceTree = "<group>"; };
		D57646AB279797D1001F7491 /* LoadFeedImageDataFromCacheUseCaseTests.swift */ = {isa = PBXFileReference; lastKnownFileType = sourcecode.swift; path = LoadFeedImageDataFromCacheUseCaseTests.swift; sourceTree = "<group>"; };
		D57646AD279797F7001F7491 /* FeedImageDataStoreSpy.swift */ = {isa = PBXFileReference; lastKnownFileType = sourcecode.swift; path = FeedImageDataStoreSpy.swift; sourceTree = "<group>"; };
		D59A93BD266B6B9600D4A472 /* LocalFeedImage.swift */ = {isa = PBXFileReference; lastKnownFileType = sourcecode.swift; path = LocalFeedImage.swift; sourceTree = "<group>"; };
		D59A93BF266F485100D4A472 /* LoadFeedFromCacheUseCaseTests.swift */ = {isa = PBXFileReference; lastKnownFileType = sourcecode.swift; path = LoadFeedFromCacheUseCaseTests.swift; sourceTree = "<group>"; };
		D59A93C2266F493C00D4A472 /* FeedStoreSpy.swift */ = {isa = PBXFileReference; lastKnownFileType = sourcecode.swift; path = FeedStoreSpy.swift; sourceTree = "<group>"; };
		D59A93C4266F5D5A00D4A472 /* ValidateFeedCacheUseCaseTests.swift */ = {isa = PBXFileReference; lastKnownFileType = sourcecode.swift; path = ValidateFeedCacheUseCaseTests.swift; sourceTree = "<group>"; };
		D59A93C6266F60B300D4A472 /* FeedCacheTestHelpers.swift */ = {isa = PBXFileReference; lastKnownFileType = sourcecode.swift; path = FeedCacheTestHelpers.swift; sourceTree = "<group>"; };
		D59A93C8266F618D00D4A472 /* SharedTestHelpers.swift */ = {isa = PBXFileReference; lastKnownFileType = sourcecode.swift; path = SharedTestHelpers.swift; sourceTree = "<group>"; };
		D59A93CA266F697F00D4A472 /* FeedCachePolicy.swift */ = {isa = PBXFileReference; lastKnownFileType = sourcecode.swift; path = FeedCachePolicy.swift; sourceTree = "<group>"; };
		D59A93D02670A54400D4A472 /* FeedStoreSpecs.swift */ = {isa = PBXFileReference; lastKnownFileType = sourcecode.swift; path = FeedStoreSpecs.swift; sourceTree = "<group>"; };
		D59A93D22670A5EC00D4A472 /* XCTestCase+FeedStoreSpecs.swift */ = {isa = PBXFileReference; lastKnownFileType = sourcecode.swift; path = "XCTestCase+FeedStoreSpecs.swift"; sourceTree = "<group>"; };
		D59A93D42670A98700D4A472 /* XCTestCase+FailableRetrieveFeedStoreSpecs.swift */ = {isa = PBXFileReference; lastKnownFileType = sourcecode.swift; path = "XCTestCase+FailableRetrieveFeedStoreSpecs.swift"; sourceTree = "<group>"; };
		D59A93D62670A9EC00D4A472 /* XCTestCase+FailableInsertFeedStoreSpecs.swift */ = {isa = PBXFileReference; lastKnownFileType = sourcecode.swift; path = "XCTestCase+FailableInsertFeedStoreSpecs.swift"; sourceTree = "<group>"; };
		D59A93D82670AA5800D4A472 /* XCTestCase+FailableDeleteFeedStoreSpecs.swift */ = {isa = PBXFileReference; lastKnownFileType = sourcecode.swift; path = "XCTestCase+FailableDeleteFeedStoreSpecs.swift"; sourceTree = "<group>"; };
		D59A93DB2670AC4200D4A472 /* CoreDataFeedStoreTests.swift */ = {isa = PBXFileReference; lastKnownFileType = sourcecode.swift; path = CoreDataFeedStoreTests.swift; sourceTree = "<group>"; };
		D59A93DF2670AEB700D4A472 /* CoreDataFeedStore.swift */ = {isa = PBXFileReference; lastKnownFileType = sourcecode.swift; path = CoreDataFeedStore.swift; sourceTree = "<group>"; };
		D59A93E22670AF2800D4A472 /* FeedStore.xcdatamodel */ = {isa = PBXFileReference; lastKnownFileType = wrapper.xcdatamodel; path = FeedStore.xcdatamodel; sourceTree = "<group>"; };
		D59A93E72670BB6B00D4A472 /* CoreDataHelpers.swift */ = {isa = PBXFileReference; lastKnownFileType = sourcecode.swift; path = CoreDataHelpers.swift; sourceTree = "<group>"; };
		D59A93E92670BBF800D4A472 /* ManagedCache.swift */ = {isa = PBXFileReference; lastKnownFileType = sourcecode.swift; path = ManagedCache.swift; sourceTree = "<group>"; };
		D59A93EB2670BC0800D4A472 /* ManagedFeedImage.swift */ = {isa = PBXFileReference; lastKnownFileType = sourcecode.swift; path = ManagedFeedImage.swift; sourceTree = "<group>"; };
		D59A93F42671C6F000D4A472 /* EssentialFeedCacheIntegrationTests.xctest */ = {isa = PBXFileReference; explicitFileType = wrapper.cfbundle; includeInIndex = 0; path = EssentialFeedCacheIntegrationTests.xctest; sourceTree = BUILT_PRODUCTS_DIR; };
		D59A93F62671C6F000D4A472 /* EssentialFeedCacheIntegrationTests.swift */ = {isa = PBXFileReference; lastKnownFileType = sourcecode.swift; path = EssentialFeedCacheIntegrationTests.swift; sourceTree = "<group>"; };
		D59A93F82671C6F000D4A472 /* Info.plist */ = {isa = PBXFileReference; lastKnownFileType = text.plist.xml; path = Info.plist; sourceTree = "<group>"; };
		D59A947D267C696800D4A472 /* EssentialFeediOS.framework */ = {isa = PBXFileReference; explicitFileType = wrapper.framework; includeInIndex = 0; path = EssentialFeediOS.framework; sourceTree = BUILT_PRODUCTS_DIR; };
		D59A9480267C696800D4A472 /* Info.plist */ = {isa = PBXFileReference; lastKnownFileType = text.plist.xml; path = Info.plist; sourceTree = "<group>"; };
		D59A9485267C696800D4A472 /* EssentialFeediOSTests.xctest */ = {isa = PBXFileReference; explicitFileType = wrapper.cfbundle; includeInIndex = 0; path = EssentialFeediOSTests.xctest; sourceTree = BUILT_PRODUCTS_DIR; };
		D59A948C267C696900D4A472 /* Info.plist */ = {isa = PBXFileReference; lastKnownFileType = text.plist.xml; path = Info.plist; sourceTree = "<group>"; };
		D59A949D267C7DC800D4A472 /* FeedViewController.swift */ = {isa = PBXFileReference; lastKnownFileType = sourcecode.swift; path = FeedViewController.swift; sourceTree = "<group>"; };
		D59A949F267C81EC00D4A472 /* FeedImageCell.swift */ = {isa = PBXFileReference; lastKnownFileType = sourcecode.swift; path = FeedImageCell.swift; sourceTree = "<group>"; };
		D59A94A1267C96C800D4A472 /* UIView+Shimmering.swift */ = {isa = PBXFileReference; lastKnownFileType = sourcecode.swift; path = "UIView+Shimmering.swift"; sourceTree = "<group>"; };
		D59CCA242660A15500B20FF6 /* EssentialFeed.framework */ = {isa = PBXFileReference; explicitFileType = wrapper.framework; includeInIndex = 0; path = EssentialFeed.framework; sourceTree = BUILT_PRODUCTS_DIR; };
		D59CCA272660A15500B20FF6 /* EssentialFeed.h */ = {isa = PBXFileReference; lastKnownFileType = sourcecode.c.h; path = EssentialFeed.h; sourceTree = "<group>"; };
		D59CCA282660A15500B20FF6 /* Info.plist */ = {isa = PBXFileReference; lastKnownFileType = text.plist.xml; path = Info.plist; sourceTree = "<group>"; };
		D59CCA2D2660A15600B20FF6 /* EssentialFeedTests.xctest */ = {isa = PBXFileReference; explicitFileType = wrapper.cfbundle; includeInIndex = 0; path = EssentialFeedTests.xctest; sourceTree = BUILT_PRODUCTS_DIR; };
		D59CCA342660A15600B20FF6 /* Info.plist */ = {isa = PBXFileReference; lastKnownFileType = text.plist.xml; path = Info.plist; sourceTree = "<group>"; };
		D59CCA402660A1C100B20FF6 /* FeedImage.swift */ = {isa = PBXFileReference; lastKnownFileType = sourcecode.swift; path = FeedImage.swift; sourceTree = "<group>"; };
		D59CCA442660A27200B20FF6 /* FeedLoader.swift */ = {isa = PBXFileReference; lastKnownFileType = sourcecode.swift; path = FeedLoader.swift; sourceTree = "<group>"; };
		D59CCA482660B07B00B20FF6 /* FeedItemsMapperTests.swift */ = {isa = PBXFileReference; lastKnownFileType = sourcecode.swift; path = FeedItemsMapperTests.swift; sourceTree = "<group>"; };
		D5BF9A862669EAE000DCBA50 /* LocalFeedLoader.swift */ = {isa = PBXFileReference; lastKnownFileType = sourcecode.swift; path = LocalFeedLoader.swift; sourceTree = "<group>"; };
		D5BF9A8B2669EB6400DCBA50 /* FeedStore.swift */ = {isa = PBXFileReference; lastKnownFileType = sourcecode.swift; path = FeedStore.swift; sourceTree = "<group>"; };
		D5C8CCE827A0090800D21313 /* FeedSnapshotTests.swift */ = {isa = PBXFileReference; lastKnownFileType = sourcecode.swift; path = FeedSnapshotTests.swift; sourceTree = "<group>"; };
		D5C8CCEB27A00FB800D21313 /* UIImage+TestHelpers.swift */ = {isa = PBXFileReference; fileEncoding = 4; lastKnownFileType = sourcecode.swift; path = "UIImage+TestHelpers.swift"; sourceTree = "<group>"; };
		D5C8CCED27A011DC00D21313 /* UITableView+HeaderSizing.swift */ = {isa = PBXFileReference; lastKnownFileType = sourcecode.swift; path = "UITableView+HeaderSizing.swift"; sourceTree = "<group>"; };
/* End PBXFileReference section */

/* Begin PBXFrameworksBuildPhase section */
		D52BB1B026620A9000018AD4 /* Frameworks */ = {
			isa = PBXFrameworksBuildPhase;
			buildActionMask = 2147483647;
			files = (
				D52BB1B826620A9000018AD4 /* EssentialFeed.framework in Frameworks */,
			);
			runOnlyForDeploymentPostprocessing = 0;
		};
		D59A93F12671C6F000D4A472 /* Frameworks */ = {
			isa = PBXFrameworksBuildPhase;
			buildActionMask = 2147483647;
			files = (
				D59A93F92671C6F000D4A472 /* EssentialFeed.framework in Frameworks */,
			);
			runOnlyForDeploymentPostprocessing = 0;
		};
		D59A947A267C696800D4A472 /* Frameworks */ = {
			isa = PBXFrameworksBuildPhase;
			buildActionMask = 2147483647;
			files = (
				D59A9497267C72F600D4A472 /* EssentialFeed.framework in Frameworks */,
			);
			runOnlyForDeploymentPostprocessing = 0;
		};
		D59A9482267C696800D4A472 /* Frameworks */ = {
			isa = PBXFrameworksBuildPhase;
			buildActionMask = 2147483647;
			files = (
				D59A9486267C696800D4A472 /* EssentialFeediOS.framework in Frameworks */,
			);
			runOnlyForDeploymentPostprocessing = 0;
		};
		D59CCA212660A15500B20FF6 /* Frameworks */ = {
			isa = PBXFrameworksBuildPhase;
			buildActionMask = 2147483647;
			files = (
			);
			runOnlyForDeploymentPostprocessing = 0;
		};
		D59CCA2A2660A15600B20FF6 /* Frameworks */ = {
			isa = PBXFrameworksBuildPhase;
			buildActionMask = 2147483647;
			files = (
				D59CCA2E2660A15600B20FF6 /* EssentialFeed.framework in Frameworks */,
			);
			runOnlyForDeploymentPostprocessing = 0;
		};
/* End PBXFrameworksBuildPhase section */

/* Begin PBXGroup section */
		D52BB1812660BFB800018AD4 /* Feed API */ = {
			isa = PBXGroup;
			children = (
				D576469727979168001F7491 /* Helpers */,
				D52BB19726616BB600018AD4 /* FeedItemsMapper.swift */,
				D576469127978F0B001F7491 /* RemoteFeedImageDataLoader.swift */,
			);
			path = "Feed API";
			sourceTree = "<group>";
		};
		D52BB1822660BFE600018AD4 /* Feed Feature */ = {
			isa = PBXGroup;
			children = (
				D59CCA402660A1C100B20FF6 /* FeedImage.swift */,
				D59CCA442660A27200B20FF6 /* FeedLoader.swift */,
				D5715A82267DD6AB00E28483 /* FeedImageDataLoader.swift */,
				D573920327992E5300262216 /* FeedCache.swift */,
				D573920D279937E600262216 /* FeedImageDataCache.swift */,
			);
			path = "Feed Feature";
			sourceTree = "<group>";
		};
		D52BB19B266173B300018AD4 /* Feed API */ = {
			isa = PBXGroup;
			children = (
				D59CCA482660B07B00B20FF6 /* FeedItemsMapperTests.swift */,
				D5764695279790CE001F7491 /* LoadFeedImageDataFromRemoteUseCaseTests.swift */,
			);
			path = "Feed API";
			sourceTree = "<group>";
		};
		D52BB1A22661F3A900018AD4 /* Helpers */ = {
			isa = PBXGroup;
			children = (
				D52BB1A32661F3E700018AD4 /* XCTTestCase+MemoryLeakTracking.swift */,
				D59A93C8266F618D00D4A472 /* SharedTestHelpers.swift */,
			);
			path = Helpers;
			sourceTree = "<group>";
		};
		D52BB1B426620A9000018AD4 /* EssentialFeedAPIEndToEndTests */ = {
			isa = PBXGroup;
			children = (
				D52BB1B526620A9000018AD4 /* EssentialFeedAPIEndToEndTests.swift */,
				D52BB1B726620A9000018AD4 /* Info.plist */,
			);
			path = EssentialFeedAPIEndToEndTests;
			sourceTree = "<group>";
		};
		D52BB82F2668A35800018AD4 /* Feed Cache */ = {
			isa = PBXGroup;
			children = (
				D59A93C1266F492D00D4A472 /* Helpers */,
				D59A93DA2670AB7800D4A472 /* FeedStoreSpecs */,
				D52BB8362668A37900018AD4 /* CacheFeedUseCaseTests.swift */,
				D59A93BF266F485100D4A472 /* LoadFeedFromCacheUseCaseTests.swift */,
				D59A93C4266F5D5A00D4A472 /* ValidateFeedCacheUseCaseTests.swift */,
				D59A93DB2670AC4200D4A472 /* CoreDataFeedStoreTests.swift */,
				D57646A72797971E001F7491 /* CacheFeedImageDataUseCaseTests.swift */,
				D57646A92797977B001F7491 /* CoreDataFeedImageDataStoreTests.swift */,
				D57646AB279797D1001F7491 /* LoadFeedImageDataFromCacheUseCaseTests.swift */,
			);
			path = "Feed Cache";
			sourceTree = "<group>";
		};
		D55DBA4F27A3CB1100FF4540 /* Image Comments Feature */ = {
			isa = PBXGroup;
			children = (
				D55DBA5027A3CB3D00FF4540 /* ImageComment.swift */,
			);
			path = "Image Comments Feature";
			sourceTree = "<group>";
		};
		D55DBA5227A3D12F00FF4540 /* Shared API */ = {
			isa = PBXGroup;
			children = (
				D52BB19326616B6500018AD4 /* HTTPClient.swift */,
				D55DBA5D27A3D70700FF4540 /* RemoteLoader.swift */,
			);
			path = "Shared API";
			sourceTree = "<group>";
		};
		D55DBA5327A3D14600FF4540 /* Shared API Infra */ = {
			isa = PBXGroup;
			children = (
				D52BB1A92662075C00018AD4 /* URLSessionHTTPClient.swift */,
			);
			path = "Shared API Infra";
			sourceTree = "<group>";
		};
		D55DBA5427A3D16700FF4540 /* Shared API */ = {
			isa = PBXGroup;
			children = (
				D55DBA5527A3D17E00FF4540 /* Helpers */,
				D55DBA5B27A3D64500FF4540 /* RemoteLoaderTests.swift */,
			);
			path = "Shared API";
			sourceTree = "<group>";
		};
		D55DBA5527A3D17E00FF4540 /* Helpers */ = {
			isa = PBXGroup;
			children = (
				D576469A279791A8001F7491 /* HTTPClientSpy.swift */,
			);
			path = Helpers;
			sourceTree = "<group>";
		};
		D55DBA5627A3D19200FF4540 /* Shared API Infra */ = {
			isa = PBXGroup;
			children = (
				D576469C279791F5001F7491 /* Helpers */,
				D52BB19E26617BFF00018AD4 /* URLSessionHTTPClientTests.swift */,
			);
			path = "Shared API Infra";
			sourceTree = "<group>";
		};
		D55DBA5727A3D22D00FF4540 /* Image Comments API */ = {
			isa = PBXGroup;
			children = (
				D55DBA4D27A3C5E900FF4540 /* ImageCommentsMapper.swift */,
			);
			path = "Image Comments API";
			sourceTree = "<group>";
		};
		D55DBA5827A3D25000FF4540 /* Image Comments API */ = {
			isa = PBXGroup;
			children = (
				D55DBA4927A3C41A00FF4540 /* ImageCommentsMapperTests.swift */,
			);
			path = "Image Comments API";
			sourceTree = "<group>";
		};
		D5715A7B267DD5CA00E28483 /* FeedUI */ = {
			isa = PBXGroup;
			children = (
				D5715A7D267DD5D700E28483 /* Views */,
				D5715A7C267DD5D100E28483 /* Controllers */,
			);
			path = FeedUI;
			sourceTree = "<group>";
		};
		D5715A7C267DD5D100E28483 /* Controllers */ = {
			isa = PBXGroup;
			children = (
				D59A949D267C7DC800D4A472 /* FeedViewController.swift */,
				D5715A86267DDD9D00E28483 /* FeedImageCellController.swift */,
			);
			path = Controllers;
			sourceTree = "<group>";
		};
		D5715A7D267DD5D700E28483 /* Views */ = {
			isa = PBXGroup;
			children = (
				D576466E27969AEF001F7491 /* Helpers */,
				D5715A9526805A8E00E28483 /* Feed.storyboard */,
				D5715A9726805B3100E28483 /* Feed.xcassets */,
				D59A949F267C81EC00D4A472 /* FeedImageCell.swift */,
				D576466C2796966F001F7491 /* ErrorView.swift */,
			);
			path = Views;
			sourceTree = "<group>";
		};
		D576466E27969AEF001F7491 /* Helpers */ = {
			isa = PBXGroup;
			children = (
				D5715A992680693A00E28483 /* UITableView+Dequeueing.swift */,
				D59A94A1267C96C800D4A472 /* UIView+Shimmering.swift */,
				D5715A9B26806AD800E28483 /* UIImageView+Animations.swift */,
				D576467127969BB0001F7491 /* UIRefreshControl+Helpers.swift */,
				D5C8CCED27A011DC00D21313 /* UITableView+HeaderSizing.swift */,
			);
			path = Helpers;
			sourceTree = "<group>";
		};
		D576467527975B5D001F7491 /* Feed Presentation */ = {
			isa = PBXGroup;
			children = (
				D576468A27977429001F7491 /* FeedImagePresenterTests.swift */,
				D55FAB6C278E46B400DD39C2 /* FeedLocalizationTests.swift */,
				D576467627975B71001F7491 /* FeedPresenterTests.swift */,
			);
			path = "Feed Presentation";
			sourceTree = "<group>";
		};
		D576467F27976F26001F7491 /* Feed Presentation */ = {
			isa = PBXGroup;
			children = (
				D576467C27976DA2001F7491 /* Feed.strings */,
				D5764687279770FE001F7491 /* FeedErrorViewModel.swift */,
				D5764685279770E9001F7491 /* FeedLoadingViewModel.swift */,
				D576468027976F4C001F7491 /* FeedPresenter.swift */,
				D5764683279770D3001F7491 /* FeedViewModel.swift */,
				D576468C2797847B001F7491 /* FeedImagePresenter.swift */,
				D576468E2797851A001F7491 /* FeedImageViewModel.swift */,
			);
			path = "Feed Presentation";
			sourceTree = "<group>";
		};
		D576469727979168001F7491 /* Helpers */ = {
			isa = PBXGroup;
			children = (
				D57646982797917A001F7491 /* HTTPURLResponse+StatusCode.swift */,
			);
			path = Helpers;
			sourceTree = "<group>";
		};
		D576469C279791F5001F7491 /* Helpers */ = {
			isa = PBXGroup;
			children = (
				D576469D27979203001F7491 /* URLProtocolStub.swift */,
			);
			path = Helpers;
			sourceTree = "<group>";
		};
		D59A93C1266F492D00D4A472 /* Helpers */ = {
			isa = PBXGroup;
			children = (
				D59A93C2266F493C00D4A472 /* FeedStoreSpy.swift */,
				D59A93C6266F60B300D4A472 /* FeedCacheTestHelpers.swift */,
				D57646AD279797F7001F7491 /* FeedImageDataStoreSpy.swift */,
			);
			path = Helpers;
			sourceTree = "<group>";
		};
		D59A93DA2670AB7800D4A472 /* FeedStoreSpecs */ = {
			isa = PBXGroup;
			children = (
				D59A93D02670A54400D4A472 /* FeedStoreSpecs.swift */,
				D59A93D22670A5EC00D4A472 /* XCTestCase+FeedStoreSpecs.swift */,
				D59A93D42670A98700D4A472 /* XCTestCase+FailableRetrieveFeedStoreSpecs.swift */,
				D59A93D62670A9EC00D4A472 /* XCTestCase+FailableInsertFeedStoreSpecs.swift */,
				D59A93D82670AA5800D4A472 /* XCTestCase+FailableDeleteFeedStoreSpecs.swift */,
			);
			path = FeedStoreSpecs;
			sourceTree = "<group>";
		};
		D59A93E42670BAD100D4A472 /* Infrastructure */ = {
			isa = PBXGroup;
			children = (
				D59A93E52670BAE900D4A472 /* CoreData */,
			);
			path = Infrastructure;
			sourceTree = "<group>";
		};
		D59A93E52670BAE900D4A472 /* CoreData */ = {
			isa = PBXGroup;
			children = (
				D59A93DF2670AEB700D4A472 /* CoreDataFeedStore.swift */,
				D59A93E12670AF2800D4A472 /* FeedStore.xcdatamodeld */,
				D59A93E72670BB6B00D4A472 /* CoreDataHelpers.swift */,
				D59A93E92670BBF800D4A472 /* ManagedCache.swift */,
				D59A93EB2670BC0800D4A472 /* ManagedFeedImage.swift */,
				D57646A12797964D001F7491 /* CoreDataFeedStore+FeedImageDataLoader.swift */,
				D57646A327979671001F7491 /* CoreDataFeedStore+FeedStore.swift */,
			);
			path = CoreData;
			sourceTree = "<group>";
		};
		D59A93F52671C6F000D4A472 /* EssentialFeedCacheIntegrationTests */ = {
			isa = PBXGroup;
			children = (
				D59A93F62671C6F000D4A472 /* EssentialFeedCacheIntegrationTests.swift */,
				D59A93F82671C6F000D4A472 /* Info.plist */,
			);
			path = EssentialFeedCacheIntegrationTests;
			sourceTree = "<group>";
		};
		D59A947E267C696800D4A472 /* EssentialFeediOS */ = {
			isa = PBXGroup;
			children = (
				D5715A7B267DD5CA00E28483 /* FeedUI */,
				D59A9480267C696800D4A472 /* Info.plist */,
			);
			path = EssentialFeediOS;
			sourceTree = "<group>";
		};
		D59A9489267C696900D4A472 /* EssentialFeediOSTests */ = {
			isa = PBXGroup;
			children = (
				D5C8CCEA27A00F9700D21313 /* Helpers */,
				D59A948C267C696900D4A472 /* Info.plist */,
				D5C8CCE827A0090800D21313 /* FeedSnapshotTests.swift */,
			);
			path = EssentialFeediOSTests;
			sourceTree = "<group>";
		};
		D59A9496267C72F600D4A472 /* Frameworks */ = {
			isa = PBXGroup;
			children = (
			);
			name = Frameworks;
			sourceTree = "<group>";
		};
		D59CCA1A2660A15500B20FF6 = {
			isa = PBXGroup;
			children = (
				D59CCA262660A15500B20FF6 /* EssentialFeed */,
				D59CCA312660A15600B20FF6 /* EssentialFeedTests */,
				D52BB1B426620A9000018AD4 /* EssentialFeedAPIEndToEndTests */,
				D59A93F52671C6F000D4A472 /* EssentialFeedCacheIntegrationTests */,
				D59A947E267C696800D4A472 /* EssentialFeediOS */,
				D59A9489267C696900D4A472 /* EssentialFeediOSTests */,
				D59CCA252660A15500B20FF6 /* Products */,
				D59A9496267C72F600D4A472 /* Frameworks */,
			);
			sourceTree = "<group>";
		};
		D59CCA252660A15500B20FF6 /* Products */ = {
			isa = PBXGroup;
			children = (
				D59CCA242660A15500B20FF6 /* EssentialFeed.framework */,
				D59CCA2D2660A15600B20FF6 /* EssentialFeedTests.xctest */,
				D52BB1B326620A9000018AD4 /* EssentialFeedAPIEndToEndTests.xctest */,
				D59A93F42671C6F000D4A472 /* EssentialFeedCacheIntegrationTests.xctest */,
				D59A947D267C696800D4A472 /* EssentialFeediOS.framework */,
				D59A9485267C696800D4A472 /* EssentialFeediOSTests.xctest */,
			);
			name = Products;
			sourceTree = "<group>";
		};
		D59CCA262660A15500B20FF6 /* EssentialFeed */ = {
			isa = PBXGroup;
			children = (
				D59CCA272660A15500B20FF6 /* EssentialFeed.h */,
				D59CCA282660A15500B20FF6 /* Info.plist */,
				D52BB1812660BFB800018AD4 /* Feed API */,
				D5BF9A852669EACD00DCBA50 /* Feed Cache */,
				D52BB1822660BFE600018AD4 /* Feed Feature */,
				D576467F27976F26001F7491 /* Feed Presentation */,
				D55DBA5727A3D22D00FF4540 /* Image Comments API */,
				D55DBA4F27A3CB1100FF4540 /* Image Comments Feature */,
				D55DBA5227A3D12F00FF4540 /* Shared API */,
				D55DBA5327A3D14600FF4540 /* Shared API Infra */,
			);
			path = EssentialFeed;
			sourceTree = "<group>";
		};
		D59CCA312660A15600B20FF6 /* EssentialFeedTests */ = {
			isa = PBXGroup;
			children = (
				D59CCA342660A15600B20FF6 /* Info.plist */,
				D52BB19B266173B300018AD4 /* Feed API */,
				D52BB82F2668A35800018AD4 /* Feed Cache */,
				D576467527975B5D001F7491 /* Feed Presentation */,
				D52BB1A22661F3A900018AD4 /* Helpers */,
				D55DBA5827A3D25000FF4540 /* Image Comments API */,
				D55DBA5427A3D16700FF4540 /* Shared API */,
				D55DBA5627A3D19200FF4540 /* Shared API Infra */,
			);
			path = EssentialFeedTests;
			sourceTree = "<group>";
		};
		D5BF9A852669EACD00DCBA50 /* Feed Cache */ = {
			isa = PBXGroup;
			children = (
				D59A93E42670BAD100D4A472 /* Infrastructure */,
				D5BF9A8B2669EB6400DCBA50 /* FeedStore.swift */,
				D5BF9A862669EAE000DCBA50 /* LocalFeedLoader.swift */,
				D59A93BD266B6B9600D4A472 /* LocalFeedImage.swift */,
				D59A93CA266F697F00D4A472 /* FeedCachePolicy.swift */,
				D576469F27979623001F7491 /* FeedImageDataStore.swift */,
				D57646A5279796E5001F7491 /* LocalFeedImageDataLoader.swift */,
			);
			path = "Feed Cache";
			sourceTree = "<group>";
		};
		D5C8CCEA27A00F9700D21313 /* Helpers */ = {
			isa = PBXGroup;
			children = (
				D5C8CCEB27A00FB800D21313 /* UIImage+TestHelpers.swift */,
			);
			path = Helpers;
			sourceTree = "<group>";
		};
/* End PBXGroup section */

/* Begin PBXHeadersBuildPhase section */
		D59A9478267C696800D4A472 /* Headers */ = {
			isa = PBXHeadersBuildPhase;
			buildActionMask = 2147483647;
			files = (
			);
			runOnlyForDeploymentPostprocessing = 0;
		};
		D59CCA1F2660A15500B20FF6 /* Headers */ = {
			isa = PBXHeadersBuildPhase;
			buildActionMask = 2147483647;
			files = (
				D59CCA352660A15600B20FF6 /* EssentialFeed.h in Headers */,
			);
			runOnlyForDeploymentPostprocessing = 0;
		};
/* End PBXHeadersBuildPhase section */

/* Begin PBXNativeTarget section */
		D52BB1B226620A9000018AD4 /* EssentialFeedAPIEndToEndTests */ = {
			isa = PBXNativeTarget;
			buildConfigurationList = D52BB1BB26620A9000018AD4 /* Build configuration list for PBXNativeTarget "EssentialFeedAPIEndToEndTests" */;
			buildPhases = (
				D52BB1AF26620A9000018AD4 /* Sources */,
				D52BB1B026620A9000018AD4 /* Frameworks */,
				D52BB1B126620A9000018AD4 /* Resources */,
			);
			buildRules = (
			);
			dependencies = (
				D52BB1BA26620A9000018AD4 /* PBXTargetDependency */,
			);
			name = EssentialFeedAPIEndToEndTests;
			productName = EssentialFeedAPIEndToEndTests;
			productReference = D52BB1B326620A9000018AD4 /* EssentialFeedAPIEndToEndTests.xctest */;
			productType = "com.apple.product-type.bundle.unit-test";
		};
		D59A93F32671C6F000D4A472 /* EssentialFeedCacheIntegrationTests */ = {
			isa = PBXNativeTarget;
			buildConfigurationList = D59A93FC2671C6F000D4A472 /* Build configuration list for PBXNativeTarget "EssentialFeedCacheIntegrationTests" */;
			buildPhases = (
				D59A93F02671C6F000D4A472 /* Sources */,
				D59A93F12671C6F000D4A472 /* Frameworks */,
				D59A93F22671C6F000D4A472 /* Resources */,
			);
			buildRules = (
			);
			dependencies = (
				D59A93FB2671C6F000D4A472 /* PBXTargetDependency */,
			);
			name = EssentialFeedCacheIntegrationTests;
			productName = EssentialFeedCacheIntegrationTests;
			productReference = D59A93F42671C6F000D4A472 /* EssentialFeedCacheIntegrationTests.xctest */;
			productType = "com.apple.product-type.bundle.unit-test";
		};
		D59A947C267C696800D4A472 /* EssentialFeediOS */ = {
			isa = PBXNativeTarget;
			buildConfigurationList = D59A948E267C696900D4A472 /* Build configuration list for PBXNativeTarget "EssentialFeediOS" */;
			buildPhases = (
				D59A9478267C696800D4A472 /* Headers */,
				D59A9479267C696800D4A472 /* Sources */,
				D59A947A267C696800D4A472 /* Frameworks */,
				D59A947B267C696800D4A472 /* Resources */,
				D59A949B267C72F600D4A472 /* Embed Frameworks */,
			);
			buildRules = (
			);
			dependencies = (
				D59A949A267C72F600D4A472 /* PBXTargetDependency */,
			);
			name = EssentialFeediOS;
			productName = EssentialFeediOS;
			productReference = D59A947D267C696800D4A472 /* EssentialFeediOS.framework */;
			productType = "com.apple.product-type.framework";
		};
		D59A9484267C696800D4A472 /* EssentialFeediOSTests */ = {
			isa = PBXNativeTarget;
			buildConfigurationList = D59A9491267C696900D4A472 /* Build configuration list for PBXNativeTarget "EssentialFeediOSTests" */;
			buildPhases = (
				D59A9481267C696800D4A472 /* Sources */,
				D59A9482267C696800D4A472 /* Frameworks */,
				D59A9483267C696800D4A472 /* Resources */,
			);
			buildRules = (
			);
			dependencies = (
				D59A9488267C696800D4A472 /* PBXTargetDependency */,
			);
			name = EssentialFeediOSTests;
			productName = EssentialFeediOSTests;
			productReference = D59A9485267C696800D4A472 /* EssentialFeediOSTests.xctest */;
			productType = "com.apple.product-type.bundle.unit-test";
		};
		D59CCA232660A15500B20FF6 /* EssentialFeed */ = {
			isa = PBXNativeTarget;
			buildConfigurationList = D59CCA382660A15600B20FF6 /* Build configuration list for PBXNativeTarget "EssentialFeed" */;
			buildPhases = (
				D59CCA1F2660A15500B20FF6 /* Headers */,
				D59CCA202660A15500B20FF6 /* Sources */,
				D59CCA212660A15500B20FF6 /* Frameworks */,
				D59CCA222660A15500B20FF6 /* Resources */,
			);
			buildRules = (
			);
			dependencies = (
			);
			name = EssentialFeed;
			productName = EssentialFeed;
			productReference = D59CCA242660A15500B20FF6 /* EssentialFeed.framework */;
			productType = "com.apple.product-type.framework";
		};
		D59CCA2C2660A15600B20FF6 /* EssentialFeedTests */ = {
			isa = PBXNativeTarget;
			buildConfigurationList = D59CCA3B2660A15600B20FF6 /* Build configuration list for PBXNativeTarget "EssentialFeedTests" */;
			buildPhases = (
				D59CCA292660A15600B20FF6 /* Sources */,
				D59CCA2A2660A15600B20FF6 /* Frameworks */,
				D59CCA2B2660A15600B20FF6 /* Resources */,
			);
			buildRules = (
			);
			dependencies = (
				D59CCA302660A15600B20FF6 /* PBXTargetDependency */,
			);
			name = EssentialFeedTests;
			productName = EssentialFeedTests;
			productReference = D59CCA2D2660A15600B20FF6 /* EssentialFeedTests.xctest */;
			productType = "com.apple.product-type.bundle.unit-test";
		};
/* End PBXNativeTarget section */

/* Begin PBXProject section */
		D59CCA1B2660A15500B20FF6 /* Project object */ = {
			isa = PBXProject;
			attributes = {
				LastSwiftUpdateCheck = 1250;
				LastUpgradeCheck = 1240;
				TargetAttributes = {
					D52BB1B226620A9000018AD4 = {
						CreatedOnToolsVersion = 12.4;
					};
					D59A93F32671C6F000D4A472 = {
						CreatedOnToolsVersion = 12.5;
					};
					D59A947C267C696800D4A472 = {
						CreatedOnToolsVersion = 12.5;
						LastSwiftMigration = 1250;
					};
					D59A9484267C696800D4A472 = {
						CreatedOnToolsVersion = 12.5;
						LastSwiftMigration = 1250;
					};
					D59CCA232660A15500B20FF6 = {
						CreatedOnToolsVersion = 12.4;
						LastSwiftMigration = 1240;
					};
					D59CCA2C2660A15600B20FF6 = {
						CreatedOnToolsVersion = 12.4;
					};
				};
			};
			buildConfigurationList = D59CCA1E2660A15500B20FF6 /* Build configuration list for PBXProject "EssentialFeed" */;
			compatibilityVersion = "Xcode 9.3";
			developmentRegion = en;
			hasScannedForEncodings = 0;
			knownRegions = (
				en,
				Base,
				"pt-BR",
				el,
			);
			mainGroup = D59CCA1A2660A15500B20FF6;
			productRefGroup = D59CCA252660A15500B20FF6 /* Products */;
			projectDirPath = "";
			projectRoot = "";
			targets = (
				D59CCA232660A15500B20FF6 /* EssentialFeed */,
				D59CCA2C2660A15600B20FF6 /* EssentialFeedTests */,
				D52BB1B226620A9000018AD4 /* EssentialFeedAPIEndToEndTests */,
				D59A93F32671C6F000D4A472 /* EssentialFeedCacheIntegrationTests */,
				D59A947C267C696800D4A472 /* EssentialFeediOS */,
				D59A9484267C696800D4A472 /* EssentialFeediOSTests */,
			);
		};
/* End PBXProject section */

/* Begin PBXResourcesBuildPhase section */
		D52BB1B126620A9000018AD4 /* Resources */ = {
			isa = PBXResourcesBuildPhase;
			buildActionMask = 2147483647;
			files = (
			);
			runOnlyForDeploymentPostprocessing = 0;
		};
		D59A93F22671C6F000D4A472 /* Resources */ = {
			isa = PBXResourcesBuildPhase;
			buildActionMask = 2147483647;
			files = (
			);
			runOnlyForDeploymentPostprocessing = 0;
		};
		D59A947B267C696800D4A472 /* Resources */ = {
			isa = PBXResourcesBuildPhase;
			buildActionMask = 2147483647;
			files = (
				D5715A9626805A8E00E28483 /* Feed.storyboard in Resources */,
				D5715A9826805B3100E28483 /* Feed.xcassets in Resources */,
			);
			runOnlyForDeploymentPostprocessing = 0;
		};
		D59A9483267C696800D4A472 /* Resources */ = {
			isa = PBXResourcesBuildPhase;
			buildActionMask = 2147483647;
			files = (
			);
			runOnlyForDeploymentPostprocessing = 0;
		};
		D59CCA222660A15500B20FF6 /* Resources */ = {
			isa = PBXResourcesBuildPhase;
			buildActionMask = 2147483647;
			files = (
				D576468227977091001F7491 /* Feed.strings in Resources */,
			);
			runOnlyForDeploymentPostprocessing = 0;
		};
		D59CCA2B2660A15600B20FF6 /* Resources */ = {
			isa = PBXResourcesBuildPhase;
			buildActionMask = 2147483647;
			files = (
			);
			runOnlyForDeploymentPostprocessing = 0;
		};
/* End PBXResourcesBuildPhase section */

/* Begin PBXSourcesBuildPhase section */
		D52BB1AF26620A9000018AD4 /* Sources */ = {
			isa = PBXSourcesBuildPhase;
			buildActionMask = 2147483647;
			files = (
				D52BB1C1266212BA00018AD4 /* XCTTestCase+MemoryLeakTracking.swift in Sources */,
				D52BB1B626620A9000018AD4 /* EssentialFeedAPIEndToEndTests.swift in Sources */,
			);
			runOnlyForDeploymentPostprocessing = 0;
		};
		D59A93F02671C6F000D4A472 /* Sources */ = {
			isa = PBXSourcesBuildPhase;
			buildActionMask = 2147483647;
			files = (
				D59A94012671CCC700D4A472 /* SharedTestHelpers.swift in Sources */,
				D59A93FF2671C9FC00D4A472 /* XCTTestCase+MemoryLeakTracking.swift in Sources */,
				D59A94002671CCB100D4A472 /* FeedCacheTestHelpers.swift in Sources */,
				D59A93F72671C6F000D4A472 /* EssentialFeedCacheIntegrationTests.swift in Sources */,
			);
			runOnlyForDeploymentPostprocessing = 0;
		};
		D59A9479267C696800D4A472 /* Sources */ = {
			isa = PBXSourcesBuildPhase;
			buildActionMask = 2147483647;
			files = (
				D5C8CCEE27A011DC00D21313 /* UITableView+HeaderSizing.swift in Sources */,
				D576466D2796966F001F7491 /* ErrorView.swift in Sources */,
				D59A94A2267C96C800D4A472 /* UIView+Shimmering.swift in Sources */,
				D5715A9A2680693A00E28483 /* UITableView+Dequeueing.swift in Sources */,
				D576467227969BB0001F7491 /* UIRefreshControl+Helpers.swift in Sources */,
				D59A949E267C7DC800D4A472 /* FeedViewController.swift in Sources */,
				D59A94A0267C81EC00D4A472 /* FeedImageCell.swift in Sources */,
				D5715A87267DDD9D00E28483 /* FeedImageCellController.swift in Sources */,
				D5715A9C26806AD800E28483 /* UIImageView+Animations.swift in Sources */,
			);
			runOnlyForDeploymentPostprocessing = 0;
		};
		D59A9481267C696800D4A472 /* Sources */ = {
			isa = PBXSourcesBuildPhase;
			buildActionMask = 2147483647;
			files = (
				D59A949C267C744500D4A472 /* XCTTestCase+MemoryLeakTracking.swift in Sources */,
				D5C8CCE927A0090800D21313 /* FeedSnapshotTests.swift in Sources */,
				D5C8CCEC27A00FB800D21313 /* UIImage+TestHelpers.swift in Sources */,
			);
			runOnlyForDeploymentPostprocessing = 0;
		};
		D59CCA202660A15500B20FF6 /* Sources */ = {
			isa = PBXSourcesBuildPhase;
			buildActionMask = 2147483647;
			files = (
				D59A93E82670BB6B00D4A472 /* CoreDataHelpers.swift in Sources */,
				D52BB19826616BB600018AD4 /* FeedItemsMapper.swift in Sources */,
				D59CCA452660A27200B20FF6 /* FeedLoader.swift in Sources */,
				D576468F2797851A001F7491 /* FeedImageViewModel.swift in Sources */,
				D57646A22797964D001F7491 /* CoreDataFeedStore+FeedImageDataLoader.swift in Sources */,
				D59A93CB266F697F00D4A472 /* FeedCachePolicy.swift in Sources */,
				D576469227978F0B001F7491 /* RemoteFeedImageDataLoader.swift in Sources */,
				D57646A427979671001F7491 /* CoreDataFeedStore+FeedStore.swift in Sources */,
				D59A93E32670AF2800D4A472 /* FeedStore.xcdatamodeld in Sources */,
				D59A93BE266B6B9600D4A472 /* LocalFeedImage.swift in Sources */,
				D5764684279770D3001F7491 /* FeedViewModel.swift in Sources */,
				D5BF9A8C2669EB6400DCBA50 /* FeedStore.swift in Sources */,
				D5BF9A872669EAE000DCBA50 /* LocalFeedLoader.swift in Sources */,
				D55DBA4E27A3C5E900FF4540 /* ImageCommentsMapper.swift in Sources */,
				D52BB19426616B6500018AD4 /* HTTPClient.swift in Sources */,
				D59CCA412660A1C100B20FF6 /* FeedImage.swift in Sources */,
				D573920E279937E600262216 /* FeedImageDataCache.swift in Sources */,
				D57646A027979623001F7491 /* FeedImageDataStore.swift in Sources */,
				D57646A6279796E5001F7491 /* LocalFeedImageDataLoader.swift in Sources */,
				D576468127976F4C001F7491 /* FeedPresenter.swift in Sources */,
				D52BB1AA2662075C00018AD4 /* URLSessionHTTPClient.swift in Sources */,
				D57646992797917A001F7491 /* HTTPURLResponse+StatusCode.swift in Sources */,
				D55DBA5E27A3D70700FF4540 /* RemoteLoader.swift in Sources */,
				D55DBA5127A3CB3D00FF4540 /* ImageComment.swift in Sources */,
				D59A93EA2670BBF800D4A472 /* ManagedCache.swift in Sources */,
				D59A93E02670AEB700D4A472 /* CoreDataFeedStore.swift in Sources */,
				D5764688279770FE001F7491 /* FeedErrorViewModel.swift in Sources */,
				D576469027978E51001F7491 /* FeedImageDataLoader.swift in Sources */,
				D5764686279770E9001F7491 /* FeedLoadingViewModel.swift in Sources */,
				D576468D2797847B001F7491 /* FeedImagePresenter.swift in Sources */,
				D573920427992E5300262216 /* FeedCache.swift in Sources */,
				D59A93EC2670BC0800D4A472 /* ManagedFeedImage.swift in Sources */,
			);
			runOnlyForDeploymentPostprocessing = 0;
		};
		D59CCA292660A15600B20FF6 /* Sources */ = {
			isa = PBXSourcesBuildPhase;
			buildActionMask = 2147483647;
			files = (
				D59A93C7266F60B300D4A472 /* FeedCacheTestHelpers.swift in Sources */,
				D576469E27979203001F7491 /* URLProtocolStub.swift in Sources */,
				D59A93C5266F5D5A00D4A472 /* ValidateFeedCacheUseCaseTests.swift in Sources */,
				D576467727975B71001F7491 /* FeedPresenterTests.swift in Sources */,
				D59CCA492660B07B00B20FF6 /* FeedItemsMapperTests.swift in Sources */,
				D576468B27977429001F7491 /* FeedImagePresenterTests.swift in Sources */,
				D57646A82797971E001F7491 /* CacheFeedImageDataUseCaseTests.swift in Sources */,
				D57646AE279797F7001F7491 /* FeedImageDataStoreSpy.swift in Sources */,
				D59A93D72670A9EC00D4A472 /* XCTestCase+FailableInsertFeedStoreSpecs.swift in Sources */,
				D5764689279772B6001F7491 /* FeedLocalizationTests.swift in Sources */,
				D52BB19F26617BFF00018AD4 /* URLSessionHTTPClientTests.swift in Sources */,
				D59A93C3266F493C00D4A472 /* FeedStoreSpy.swift in Sources */,
				D576469B279791A8001F7491 /* HTTPClientSpy.swift in Sources */,
				D55DBA4A27A3C41A00FF4540 /* ImageCommentsMapperTests.swift in Sources */,
				D59A93C9266F618D00D4A472 /* SharedTestHelpers.swift in Sources */,
				D5764696279790CE001F7491 /* LoadFeedImageDataFromRemoteUseCaseTests.swift in Sources */,
				D52BB8372668A37900018AD4 /* CacheFeedUseCaseTests.swift in Sources */,
				D59A93DC2670AC4200D4A472 /* CoreDataFeedStoreTests.swift in Sources */,
				D59A93D92670AA5800D4A472 /* XCTestCase+FailableDeleteFeedStoreSpecs.swift in Sources */,
				D59A93D52670A98700D4A472 /* XCTestCase+FailableRetrieveFeedStoreSpecs.swift in Sources */,
				D59A93C0266F485100D4A472 /* LoadFeedFromCacheUseCaseTests.swift in Sources */,
				D59A93D12670A54400D4A472 /* FeedStoreSpecs.swift in Sources */,
				D55DBA5C27A3D64500FF4540 /* RemoteLoaderTests.swift in Sources */,
				D57646AC279797D1001F7491 /* LoadFeedImageDataFromCacheUseCaseTests.swift in Sources */,
				D52BB1A42661F3E700018AD4 /* XCTTestCase+MemoryLeakTracking.swift in Sources */,
				D57646AA2797977B001F7491 /* CoreDataFeedImageDataStoreTests.swift in Sources */,
				D59A93D32670A5EC00D4A472 /* XCTestCase+FeedStoreSpecs.swift in Sources */,
			);
			runOnlyForDeploymentPostprocessing = 0;
		};
/* End PBXSourcesBuildPhase section */

/* Begin PBXTargetDependency section */
		D52BB1BA26620A9000018AD4 /* PBXTargetDependency */ = {
			isa = PBXTargetDependency;
			target = D59CCA232660A15500B20FF6 /* EssentialFeed */;
			targetProxy = D52BB1B926620A9000018AD4 /* PBXContainerItemProxy */;
		};
		D59A93FB2671C6F000D4A472 /* PBXTargetDependency */ = {
			isa = PBXTargetDependency;
			target = D59CCA232660A15500B20FF6 /* EssentialFeed */;
			targetProxy = D59A93FA2671C6F000D4A472 /* PBXContainerItemProxy */;
		};
		D59A9488267C696800D4A472 /* PBXTargetDependency */ = {
			isa = PBXTargetDependency;
			target = D59A947C267C696800D4A472 /* EssentialFeediOS */;
			targetProxy = D59A9487267C696800D4A472 /* PBXContainerItemProxy */;
		};
		D59A949A267C72F600D4A472 /* PBXTargetDependency */ = {
			isa = PBXTargetDependency;
			platformFilter = ios;
			target = D59CCA232660A15500B20FF6 /* EssentialFeed */;
			targetProxy = D59A9499267C72F600D4A472 /* PBXContainerItemProxy */;
		};
		D59CCA302660A15600B20FF6 /* PBXTargetDependency */ = {
			isa = PBXTargetDependency;
			target = D59CCA232660A15500B20FF6 /* EssentialFeed */;
			targetProxy = D59CCA2F2660A15600B20FF6 /* PBXContainerItemProxy */;
		};
/* End PBXTargetDependency section */

/* Begin PBXVariantGroup section */
		D576467C27976DA2001F7491 /* Feed.strings */ = {
			isa = PBXVariantGroup;
			children = (
				D576467B27976DA2001F7491 /* en */,
				D576467D27976DA6001F7491 /* el */,
				D576467E27976DA8001F7491 /* pt-BR */,
			);
			name = Feed.strings;
			sourceTree = "<group>";
		};
/* End PBXVariantGroup section */

/* Begin XCBuildConfiguration section */
		D52BB1BC26620A9000018AD4 /* Debug */ = {
			isa = XCBuildConfiguration;
			buildSettings = {
				CODE_SIGN_STYLE = Automatic;
				COMBINE_HIDPI_IMAGES = YES;
				INFOPLIST_FILE = EssentialFeedAPIEndToEndTests/Info.plist;
				LD_RUNPATH_SEARCH_PATHS = (
					"$(inherited)",
					"@executable_path/../Frameworks",
					"@loader_path/../Frameworks",
				);
				PRODUCT_BUNDLE_IDENTIFIER = com.chadgalloway.iOSLeadEssentials.EssentialFeedAPIEndToEndTests;
				PRODUCT_NAME = "$(TARGET_NAME)";
				SUPPORTED_PLATFORMS = "macosx iphonesimulator iphoneos";
				SWIFT_VERSION = 5.0;
			};
			name = Debug;
		};
		D52BB1BD26620A9000018AD4 /* Release */ = {
			isa = XCBuildConfiguration;
			buildSettings = {
				CODE_SIGN_STYLE = Automatic;
				COMBINE_HIDPI_IMAGES = YES;
				INFOPLIST_FILE = EssentialFeedAPIEndToEndTests/Info.plist;
				LD_RUNPATH_SEARCH_PATHS = (
					"$(inherited)",
					"@executable_path/../Frameworks",
					"@loader_path/../Frameworks",
				);
				PRODUCT_BUNDLE_IDENTIFIER = com.chadgalloway.iOSLeadEssentials.EssentialFeedAPIEndToEndTests;
				PRODUCT_NAME = "$(TARGET_NAME)";
				SUPPORTED_PLATFORMS = "macosx iphonesimulator iphoneos";
				SWIFT_VERSION = 5.0;
			};
			name = Release;
		};
		D59A93FD2671C6F000D4A472 /* Debug */ = {
			isa = XCBuildConfiguration;
			buildSettings = {
				CODE_SIGN_STYLE = Automatic;
				COMBINE_HIDPI_IMAGES = YES;
				INFOPLIST_FILE = EssentialFeedCacheIntegrationTests/Info.plist;
				LD_RUNPATH_SEARCH_PATHS = (
					"$(inherited)",
					"@executable_path/../Frameworks",
					"@loader_path/../Frameworks",
				);
				MACOSX_DEPLOYMENT_TARGET = 11.3;
				PRODUCT_BUNDLE_IDENTIFIER = com.chadgalloway.iOSLeadEssentials.EssentialFeedCacheIntegrationTests;
				PRODUCT_NAME = "$(TARGET_NAME)";
				SUPPORTED_PLATFORMS = "macosx iphonesimulator iphoneos";
				SWIFT_VERSION = 5.0;
			};
			name = Debug;
		};
		D59A93FE2671C6F000D4A472 /* Release */ = {
			isa = XCBuildConfiguration;
			buildSettings = {
				CODE_SIGN_STYLE = Automatic;
				COMBINE_HIDPI_IMAGES = YES;
				INFOPLIST_FILE = EssentialFeedCacheIntegrationTests/Info.plist;
				LD_RUNPATH_SEARCH_PATHS = (
					"$(inherited)",
					"@executable_path/../Frameworks",
					"@loader_path/../Frameworks",
				);
				MACOSX_DEPLOYMENT_TARGET = 11.3;
				PRODUCT_BUNDLE_IDENTIFIER = com.chadgalloway.iOSLeadEssentials.EssentialFeedCacheIntegrationTests;
				PRODUCT_NAME = "$(TARGET_NAME)";
				SUPPORTED_PLATFORMS = "macosx iphonesimulator iphoneos";
				SWIFT_VERSION = 5.0;
			};
			name = Release;
		};
		D59A948F267C696900D4A472 /* Debug */ = {
			isa = XCBuildConfiguration;
			buildSettings = {
				CLANG_ENABLE_MODULES = YES;
				CODE_SIGN_STYLE = Automatic;
				DEFINES_MODULE = YES;
				DYLIB_COMPATIBILITY_VERSION = 1;
				DYLIB_CURRENT_VERSION = 1;
				DYLIB_INSTALL_NAME_BASE = "@rpath";
				INFOPLIST_FILE = EssentialFeediOS/Info.plist;
				INSTALL_PATH = "$(LOCAL_LIBRARY_DIR)/Frameworks";
				IPHONEOS_DEPLOYMENT_TARGET = 14.5;
				LD_RUNPATH_SEARCH_PATHS = (
					"$(inherited)",
					"@executable_path/Frameworks",
					"@loader_path/Frameworks",
				);
				PRODUCT_BUNDLE_IDENTIFIER = com.essentialDeveloper.EssentialFeed.EssentialFeediOS;
				PRODUCT_NAME = "$(TARGET_NAME:c99extidentifier)";
				SDKROOT = iphoneos;
				SKIP_INSTALL = YES;
				SWIFT_OPTIMIZATION_LEVEL = "-Onone";
				SWIFT_VERSION = 5.0;
				TARGETED_DEVICE_FAMILY = "1,2";
			};
			name = Debug;
		};
		D59A9490267C696900D4A472 /* Release */ = {
			isa = XCBuildConfiguration;
			buildSettings = {
				CLANG_ENABLE_MODULES = YES;
				CODE_SIGN_STYLE = Automatic;
				DEFINES_MODULE = YES;
				DYLIB_COMPATIBILITY_VERSION = 1;
				DYLIB_CURRENT_VERSION = 1;
				DYLIB_INSTALL_NAME_BASE = "@rpath";
				INFOPLIST_FILE = EssentialFeediOS/Info.plist;
				INSTALL_PATH = "$(LOCAL_LIBRARY_DIR)/Frameworks";
				IPHONEOS_DEPLOYMENT_TARGET = 14.5;
				LD_RUNPATH_SEARCH_PATHS = (
					"$(inherited)",
					"@executable_path/Frameworks",
					"@loader_path/Frameworks",
				);
				PRODUCT_BUNDLE_IDENTIFIER = com.essentialDeveloper.EssentialFeed.EssentialFeediOS;
				PRODUCT_NAME = "$(TARGET_NAME:c99extidentifier)";
				SDKROOT = iphoneos;
				SKIP_INSTALL = YES;
				SWIFT_VERSION = 5.0;
				TARGETED_DEVICE_FAMILY = "1,2";
				VALIDATE_PRODUCT = YES;
			};
			name = Release;
		};
		D59A9492267C696900D4A472 /* Debug */ = {
			isa = XCBuildConfiguration;
			buildSettings = {
				ALWAYS_EMBED_SWIFT_STANDARD_LIBRARIES = YES;
				CLANG_ENABLE_MODULES = YES;
				CODE_SIGN_STYLE = Automatic;
				INFOPLIST_FILE = EssentialFeediOSTests/Info.plist;
				IPHONEOS_DEPLOYMENT_TARGET = 14.5;
				LD_RUNPATH_SEARCH_PATHS = (
					"$(inherited)",
					"@executable_path/Frameworks",
					"@loader_path/Frameworks",
				);
				PRODUCT_BUNDLE_IDENTIFIER = com.essentialDeveloper.EssentialFeed.EssentialFeediOSTests;
				PRODUCT_NAME = "$(TARGET_NAME)";
				SDKROOT = iphoneos;
				SWIFT_OPTIMIZATION_LEVEL = "-Onone";
				SWIFT_VERSION = 5.0;
				TARGETED_DEVICE_FAMILY = "1,2";
			};
			name = Debug;
		};
		D59A9493267C696900D4A472 /* Release */ = {
			isa = XCBuildConfiguration;
			buildSettings = {
				ALWAYS_EMBED_SWIFT_STANDARD_LIBRARIES = YES;
				CLANG_ENABLE_MODULES = YES;
				CODE_SIGN_STYLE = Automatic;
				INFOPLIST_FILE = EssentialFeediOSTests/Info.plist;
				IPHONEOS_DEPLOYMENT_TARGET = 14.5;
				LD_RUNPATH_SEARCH_PATHS = (
					"$(inherited)",
					"@executable_path/Frameworks",
					"@loader_path/Frameworks",
				);
				PRODUCT_BUNDLE_IDENTIFIER = com.essentialDeveloper.EssentialFeed.EssentialFeediOSTests;
				PRODUCT_NAME = "$(TARGET_NAME)";
				SDKROOT = iphoneos;
				SWIFT_VERSION = 5.0;
				TARGETED_DEVICE_FAMILY = "1,2";
				VALIDATE_PRODUCT = YES;
			};
			name = Release;
		};
		D59CCA362660A15600B20FF6 /* Debug */ = {
			isa = XCBuildConfiguration;
			buildSettings = {
				ALWAYS_SEARCH_USER_PATHS = NO;
				CLANG_ANALYZER_LOCALIZABILITY_NONLOCALIZED = YES;
				CLANG_ANALYZER_NONNULL = YES;
				CLANG_ANALYZER_NUMBER_OBJECT_CONVERSION = YES_AGGRESSIVE;
				CLANG_CXX_LANGUAGE_STANDARD = "gnu++14";
				CLANG_CXX_LIBRARY = "libc++";
				CLANG_ENABLE_MODULES = YES;
				CLANG_ENABLE_OBJC_ARC = YES;
				CLANG_ENABLE_OBJC_WEAK = YES;
				CLANG_WARN_BLOCK_CAPTURE_AUTORELEASING = YES;
				CLANG_WARN_BOOL_CONVERSION = YES;
				CLANG_WARN_COMMA = YES;
				CLANG_WARN_CONSTANT_CONVERSION = YES;
				CLANG_WARN_DEPRECATED_OBJC_IMPLEMENTATIONS = YES;
				CLANG_WARN_DIRECT_OBJC_ISA_USAGE = YES_ERROR;
				CLANG_WARN_DOCUMENTATION_COMMENTS = YES;
				CLANG_WARN_EMPTY_BODY = YES;
				CLANG_WARN_ENUM_CONVERSION = YES;
				CLANG_WARN_INFINITE_RECURSION = YES;
				CLANG_WARN_INT_CONVERSION = YES;
				CLANG_WARN_NON_LITERAL_NULL_CONVERSION = YES;
				CLANG_WARN_OBJC_IMPLICIT_RETAIN_SELF = YES;
				CLANG_WARN_OBJC_LITERAL_CONVERSION = YES;
				CLANG_WARN_OBJC_ROOT_CLASS = YES_ERROR;
				CLANG_WARN_QUOTED_INCLUDE_IN_FRAMEWORK_HEADER = YES;
				CLANG_WARN_RANGE_LOOP_ANALYSIS = YES;
				CLANG_WARN_STRICT_PROTOTYPES = YES;
				CLANG_WARN_SUSPICIOUS_MOVE = YES;
				CLANG_WARN_UNGUARDED_AVAILABILITY = YES_AGGRESSIVE;
				CLANG_WARN_UNREACHABLE_CODE = YES;
				CLANG_WARN__DUPLICATE_METHOD_MATCH = YES;
				COPY_PHASE_STRIP = NO;
				CURRENT_PROJECT_VERSION = 1;
				DEBUG_INFORMATION_FORMAT = dwarf;
				ENABLE_STRICT_OBJC_MSGSEND = YES;
				ENABLE_TESTABILITY = YES;
				GCC_C_LANGUAGE_STANDARD = gnu11;
				GCC_DYNAMIC_NO_PIC = NO;
				GCC_NO_COMMON_BLOCKS = YES;
				GCC_OPTIMIZATION_LEVEL = 0;
				GCC_PREPROCESSOR_DEFINITIONS = (
					"DEBUG=1",
					"$(inherited)",
				);
				GCC_WARN_64_TO_32_BIT_CONVERSION = YES;
				GCC_WARN_ABOUT_RETURN_TYPE = YES_ERROR;
				GCC_WARN_UNDECLARED_SELECTOR = YES;
				GCC_WARN_UNINITIALIZED_AUTOS = YES_AGGRESSIVE;
				GCC_WARN_UNUSED_FUNCTION = YES;
				GCC_WARN_UNUSED_VARIABLE = YES;
				IPHONEOS_DEPLOYMENT_TARGET = 14.5;
				MACOSX_DEPLOYMENT_TARGET = 11.1;
				MTL_ENABLE_DEBUG_INFO = INCLUDE_SOURCE;
				MTL_FAST_MATH = YES;
				ONLY_ACTIVE_ARCH = YES;
				SDKROOT = macosx;
				SWIFT_ACTIVE_COMPILATION_CONDITIONS = DEBUG;
				SWIFT_OPTIMIZATION_LEVEL = "-Onone";
				VERSIONING_SYSTEM = "apple-generic";
				VERSION_INFO_PREFIX = "";
			};
			name = Debug;
		};
		D59CCA372660A15600B20FF6 /* Release */ = {
			isa = XCBuildConfiguration;
			buildSettings = {
				ALWAYS_SEARCH_USER_PATHS = NO;
				CLANG_ANALYZER_LOCALIZABILITY_NONLOCALIZED = YES;
				CLANG_ANALYZER_NONNULL = YES;
				CLANG_ANALYZER_NUMBER_OBJECT_CONVERSION = YES_AGGRESSIVE;
				CLANG_CXX_LANGUAGE_STANDARD = "gnu++14";
				CLANG_CXX_LIBRARY = "libc++";
				CLANG_ENABLE_MODULES = YES;
				CLANG_ENABLE_OBJC_ARC = YES;
				CLANG_ENABLE_OBJC_WEAK = YES;
				CLANG_WARN_BLOCK_CAPTURE_AUTORELEASING = YES;
				CLANG_WARN_BOOL_CONVERSION = YES;
				CLANG_WARN_COMMA = YES;
				CLANG_WARN_CONSTANT_CONVERSION = YES;
				CLANG_WARN_DEPRECATED_OBJC_IMPLEMENTATIONS = YES;
				CLANG_WARN_DIRECT_OBJC_ISA_USAGE = YES_ERROR;
				CLANG_WARN_DOCUMENTATION_COMMENTS = YES;
				CLANG_WARN_EMPTY_BODY = YES;
				CLANG_WARN_ENUM_CONVERSION = YES;
				CLANG_WARN_INFINITE_RECURSION = YES;
				CLANG_WARN_INT_CONVERSION = YES;
				CLANG_WARN_NON_LITERAL_NULL_CONVERSION = YES;
				CLANG_WARN_OBJC_IMPLICIT_RETAIN_SELF = YES;
				CLANG_WARN_OBJC_LITERAL_CONVERSION = YES;
				CLANG_WARN_OBJC_ROOT_CLASS = YES_ERROR;
				CLANG_WARN_QUOTED_INCLUDE_IN_FRAMEWORK_HEADER = YES;
				CLANG_WARN_RANGE_LOOP_ANALYSIS = YES;
				CLANG_WARN_STRICT_PROTOTYPES = YES;
				CLANG_WARN_SUSPICIOUS_MOVE = YES;
				CLANG_WARN_UNGUARDED_AVAILABILITY = YES_AGGRESSIVE;
				CLANG_WARN_UNREACHABLE_CODE = YES;
				CLANG_WARN__DUPLICATE_METHOD_MATCH = YES;
				COPY_PHASE_STRIP = NO;
				CURRENT_PROJECT_VERSION = 1;
				DEBUG_INFORMATION_FORMAT = "dwarf-with-dsym";
				ENABLE_NS_ASSERTIONS = NO;
				ENABLE_STRICT_OBJC_MSGSEND = YES;
				GCC_C_LANGUAGE_STANDARD = gnu11;
				GCC_NO_COMMON_BLOCKS = YES;
				GCC_WARN_64_TO_32_BIT_CONVERSION = YES;
				GCC_WARN_ABOUT_RETURN_TYPE = YES_ERROR;
				GCC_WARN_UNDECLARED_SELECTOR = YES;
				GCC_WARN_UNINITIALIZED_AUTOS = YES_AGGRESSIVE;
				GCC_WARN_UNUSED_FUNCTION = YES;
				GCC_WARN_UNUSED_VARIABLE = YES;
				IPHONEOS_DEPLOYMENT_TARGET = 14.5;
				MACOSX_DEPLOYMENT_TARGET = 11.1;
				MTL_ENABLE_DEBUG_INFO = NO;
				MTL_FAST_MATH = YES;
				SDKROOT = macosx;
				SWIFT_COMPILATION_MODE = wholemodule;
				SWIFT_OPTIMIZATION_LEVEL = "-O";
				VERSIONING_SYSTEM = "apple-generic";
				VERSION_INFO_PREFIX = "";
			};
			name = Release;
		};
		D59CCA392660A15600B20FF6 /* Debug */ = {
			isa = XCBuildConfiguration;
			buildSettings = {
				CLANG_ENABLE_MODULES = YES;
				CODE_SIGN_STYLE = Automatic;
				COMBINE_HIDPI_IMAGES = YES;
				DEFINES_MODULE = YES;
				DYLIB_COMPATIBILITY_VERSION = 1;
				DYLIB_CURRENT_VERSION = 1;
				DYLIB_INSTALL_NAME_BASE = "@rpath";
				INFOPLIST_FILE = EssentialFeed/Info.plist;
				INSTALL_PATH = "$(LOCAL_LIBRARY_DIR)/Frameworks";
				IPHONEOS_DEPLOYMENT_TARGET = 14.5;
				LD_RUNPATH_SEARCH_PATHS = (
					"$(inherited)",
					"@executable_path/../Frameworks",
					"@loader_path/Frameworks",
				);
				PRODUCT_BUNDLE_IDENTIFIER = com.chadgalloway.iOSLeadEssentials.EssentialFeed;
				PRODUCT_NAME = "$(TARGET_NAME:c99extidentifier)";
				SKIP_INSTALL = YES;
				SUPPORTED_PLATFORMS = "macosx iphonesimulator iphoneos";
				SWIFT_OPTIMIZATION_LEVEL = "-Onone";
				SWIFT_VERSION = 5.0;
			};
			name = Debug;
		};
		D59CCA3A2660A15600B20FF6 /* Release */ = {
			isa = XCBuildConfiguration;
			buildSettings = {
				CLANG_ENABLE_MODULES = YES;
				CODE_SIGN_STYLE = Automatic;
				COMBINE_HIDPI_IMAGES = YES;
				DEFINES_MODULE = YES;
				DYLIB_COMPATIBILITY_VERSION = 1;
				DYLIB_CURRENT_VERSION = 1;
				DYLIB_INSTALL_NAME_BASE = "@rpath";
				INFOPLIST_FILE = EssentialFeed/Info.plist;
				INSTALL_PATH = "$(LOCAL_LIBRARY_DIR)/Frameworks";
				IPHONEOS_DEPLOYMENT_TARGET = 14.5;
				LD_RUNPATH_SEARCH_PATHS = (
					"$(inherited)",
					"@executable_path/../Frameworks",
					"@loader_path/Frameworks",
				);
				PRODUCT_BUNDLE_IDENTIFIER = com.chadgalloway.iOSLeadEssentials.EssentialFeed;
				PRODUCT_NAME = "$(TARGET_NAME:c99extidentifier)";
				SKIP_INSTALL = YES;
				SUPPORTED_PLATFORMS = "macosx iphonesimulator iphoneos";
				SWIFT_VERSION = 5.0;
			};
			name = Release;
		};
		D59CCA3C2660A15600B20FF6 /* Debug */ = {
			isa = XCBuildConfiguration;
			buildSettings = {
				ALWAYS_EMBED_SWIFT_STANDARD_LIBRARIES = YES;
				CODE_SIGN_STYLE = Automatic;
				COMBINE_HIDPI_IMAGES = YES;
				INFOPLIST_FILE = EssentialFeedTests/Info.plist;
				LD_RUNPATH_SEARCH_PATHS = (
					"$(inherited)",
					"@executable_path/../Frameworks",
					"@loader_path/../Frameworks",
				);
				PRODUCT_BUNDLE_IDENTIFIER = com.chadgalloway.iOSLeadEssentials.EssentialFeedTests;
				PRODUCT_NAME = "$(TARGET_NAME)";
				SUPPORTED_PLATFORMS = "macosx iphonesimulator iphoneos";
				SWIFT_VERSION = 5.0;
			};
			name = Debug;
		};
		D59CCA3D2660A15600B20FF6 /* Release */ = {
			isa = XCBuildConfiguration;
			buildSettings = {
				ALWAYS_EMBED_SWIFT_STANDARD_LIBRARIES = YES;
				CODE_SIGN_STYLE = Automatic;
				COMBINE_HIDPI_IMAGES = YES;
				INFOPLIST_FILE = EssentialFeedTests/Info.plist;
				LD_RUNPATH_SEARCH_PATHS = (
					"$(inherited)",
					"@executable_path/../Frameworks",
					"@loader_path/../Frameworks",
				);
				PRODUCT_BUNDLE_IDENTIFIER = com.chadgalloway.iOSLeadEssentials.EssentialFeedTests;
				PRODUCT_NAME = "$(TARGET_NAME)";
				SUPPORTED_PLATFORMS = "macosx iphonesimulator iphoneos";
				SWIFT_VERSION = 5.0;
			};
			name = Release;
		};
/* End XCBuildConfiguration section */

/* Begin XCConfigurationList section */
		D52BB1BB26620A9000018AD4 /* Build configuration list for PBXNativeTarget "EssentialFeedAPIEndToEndTests" */ = {
			isa = XCConfigurationList;
			buildConfigurations = (
				D52BB1BC26620A9000018AD4 /* Debug */,
				D52BB1BD26620A9000018AD4 /* Release */,
			);
			defaultConfigurationIsVisible = 0;
			defaultConfigurationName = Release;
		};
		D59A93FC2671C6F000D4A472 /* Build configuration list for PBXNativeTarget "EssentialFeedCacheIntegrationTests" */ = {
			isa = XCConfigurationList;
			buildConfigurations = (
				D59A93FD2671C6F000D4A472 /* Debug */,
				D59A93FE2671C6F000D4A472 /* Release */,
			);
			defaultConfigurationIsVisible = 0;
			defaultConfigurationName = Release;
		};
		D59A948E267C696900D4A472 /* Build configuration list for PBXNativeTarget "EssentialFeediOS" */ = {
			isa = XCConfigurationList;
			buildConfigurations = (
				D59A948F267C696900D4A472 /* Debug */,
				D59A9490267C696900D4A472 /* Release */,
			);
			defaultConfigurationIsVisible = 0;
			defaultConfigurationName = Release;
		};
		D59A9491267C696900D4A472 /* Build configuration list for PBXNativeTarget "EssentialFeediOSTests" */ = {
			isa = XCConfigurationList;
			buildConfigurations = (
				D59A9492267C696900D4A472 /* Debug */,
				D59A9493267C696900D4A472 /* Release */,
			);
			defaultConfigurationIsVisible = 0;
			defaultConfigurationName = Release;
		};
		D59CCA1E2660A15500B20FF6 /* Build configuration list for PBXProject "EssentialFeed" */ = {
			isa = XCConfigurationList;
			buildConfigurations = (
				D59CCA362660A15600B20FF6 /* Debug */,
				D59CCA372660A15600B20FF6 /* Release */,
			);
			defaultConfigurationIsVisible = 0;
			defaultConfigurationName = Release;
		};
		D59CCA382660A15600B20FF6 /* Build configuration list for PBXNativeTarget "EssentialFeed" */ = {
			isa = XCConfigurationList;
			buildConfigurations = (
				D59CCA392660A15600B20FF6 /* Debug */,
				D59CCA3A2660A15600B20FF6 /* Release */,
			);
			defaultConfigurationIsVisible = 0;
			defaultConfigurationName = Release;
		};
		D59CCA3B2660A15600B20FF6 /* Build configuration list for PBXNativeTarget "EssentialFeedTests" */ = {
			isa = XCConfigurationList;
			buildConfigurations = (
				D59CCA3C2660A15600B20FF6 /* Debug */,
				D59CCA3D2660A15600B20FF6 /* Release */,
			);
			defaultConfigurationIsVisible = 0;
			defaultConfigurationName = Release;
		};
/* End XCConfigurationList section */

/* Begin XCVersionGroup section */
		D59A93E12670AF2800D4A472 /* FeedStore.xcdatamodeld */ = {
			isa = XCVersionGroup;
			children = (
				D59A93E22670AF2800D4A472 /* FeedStore.xcdatamodel */,
			);
			currentVersion = D59A93E22670AF2800D4A472 /* FeedStore.xcdatamodel */;
			path = FeedStore.xcdatamodeld;
			sourceTree = "<group>";
			versionGroupType = wrapper.xcdatamodel;
		};
/* End XCVersionGroup section */
	};
	rootObject = D59CCA1B2660A15500B20FF6 /* Project object */;
}
